// !$*UTF8*$!
{
	archiveVersion = 1;
	classes = {
	};
	objectVersion = 56;
	objects = {

/* Begin PBXBuildFile section */
		053F6D87BE841895DB81E89A /* Pods_FoxSwiftTests.framework in Frameworks */ = {isa = PBXBuildFile; fileRef = D61F643D2C7C19BA3EE11A86 /* Pods_FoxSwiftTests.framework */; };
		2B228F882B04C59100539E8A /* Box.swift in Sources */ = {isa = PBXBuildFile; fileRef = 2B228F872B04C59100539E8A /* Box.swift */; };
		2B228F8B2B04C90C00539E8A /* Participant.swift in Sources */ = {isa = PBXBuildFile; fileRef = 2B228F8A2B04C90C00539E8A /* Participant.swift */; };
		2B24FFA92B0374A30000C5A3 /* FSTabBarController.swift in Sources */ = {isa = PBXBuildFile; fileRef = 2B24FFA82B0374A30000C5A3 /* FSTabBarController.swift */; };
		2B24FFAB2B03753F0000C5A3 /* Localizable.swift in Sources */ = {isa = PBXBuildFile; fileRef = 2B24FFAA2B03753F0000C5A3 /* Localizable.swift */; };
		2B25DEAD2B04F19000D3E87A /* MeetingRoomProvider.swift in Sources */ = {isa = PBXBuildFile; fileRef = 2B25DEAC2B04F19000D3E87A /* MeetingRoomProvider.swift */; };
		2B5AC1652B05BB52007B717C /* Result+Extension.swift in Sources */ = {isa = PBXBuildFile; fileRef = 2B5AC1642B05BB52007B717C /* Result+Extension.swift */; };
		2B5AC1692B0613AF007B717C /* MeetsViewController.swift in Sources */ = {isa = PBXBuildFile; fileRef = 2B5AC1682B0613AF007B717C /* MeetsViewController.swift */; };
		2B5AC16D2B063506007B717C /* GoogleService-Info.plist in Resources */ = {isa = PBXBuildFile; fileRef = 2B5AC16C2B063506007B717C /* GoogleService-Info.plist */; };
		2B6FF8B92B05ADB800E9C933 /* FirebaseFirestoreWrapper.swift in Sources */ = {isa = PBXBuildFile; fileRef = 2B6FF8B82B05ADB800E9C933 /* FirebaseFirestoreWrapper.swift */; };
		2B8F9D1F2B0486B4002D9076 /* FSNavigationController.swift in Sources */ = {isa = PBXBuildFile; fileRef = 2B8F9D1E2B0486B4002D9076 /* FSNavigationController.swift */; };
		2B8F9D212B048C10002D9076 /* FSViewController.swift in Sources */ = {isa = PBXBuildFile; fileRef = 2B8F9D202B048C10002D9076 /* FSViewController.swift */; };
		2BA4D15F2B072DCB00637596 /* ParticipantDetailProvider.swift in Sources */ = {isa = PBXBuildFile; fileRef = 2BA4D15E2B072DCB00637596 /* ParticipantDetailProvider.swift */; };
		2BCB8DAC2B011F1400DD4C2F /* AppDelegate.swift in Sources */ = {isa = PBXBuildFile; fileRef = 2BCB8DAB2B011F1400DD4C2F /* AppDelegate.swift */; };
		2BCB8DAE2B011F1400DD4C2F /* SceneDelegate.swift in Sources */ = {isa = PBXBuildFile; fileRef = 2BCB8DAD2B011F1400DD4C2F /* SceneDelegate.swift */; };
		2BCB8DB52B011F1500DD4C2F /* Assets.xcassets in Resources */ = {isa = PBXBuildFile; fileRef = 2BCB8DB42B011F1500DD4C2F /* Assets.xcassets */; };
		2BCB8DB82B011F1500DD4C2F /* LaunchScreen.storyboard in Resources */ = {isa = PBXBuildFile; fileRef = 2BCB8DB62B011F1500DD4C2F /* LaunchScreen.storyboard */; };
		2BCB8DC32B011F1600DD4C2F /* FoxSwiftTests.swift in Sources */ = {isa = PBXBuildFile; fileRef = 2BCB8DC22B011F1600DD4C2F /* FoxSwiftTests.swift */; };
		2BCB8DCD2B011F1600DD4C2F /* FoxSwiftUITests.swift in Sources */ = {isa = PBXBuildFile; fileRef = 2BCB8DCC2B011F1600DD4C2F /* FoxSwiftUITests.swift */; };
		2BCB8DCF2B011F1600DD4C2F /* FoxSwiftUITestsLaunchTests.swift in Sources */ = {isa = PBXBuildFile; fileRef = 2BCB8DCE2B011F1600DD4C2F /* FoxSwiftUITestsLaunchTests.swift */; };
		2BCB8DE82B012A0900DD4C2F /* UIFont+Extension.swift in Sources */ = {isa = PBXBuildFile; fileRef = 2BCB8DDD2B012A0900DD4C2F /* UIFont+Extension.swift */; };
		2BCB8DE92B012A0900DD4C2F /* UIColor+Extension.swift in Sources */ = {isa = PBXBuildFile; fileRef = 2BCB8DDE2B012A0900DD4C2F /* UIColor+Extension.swift */; };
		2BCB8DEB2B012A0900DD4C2F /* UIButton+Extension.swift in Sources */ = {isa = PBXBuildFile; fileRef = 2BCB8DE02B012A0900DD4C2F /* UIButton+Extension.swift */; };
		2BCB8DED2B012A0900DD4C2F /* String+Extension.swift in Sources */ = {isa = PBXBuildFile; fileRef = 2BCB8DE22B012A0900DD4C2F /* String+Extension.swift */; };
		2BCB8DEE2B012A0900DD4C2F /* UIScreen+Extension.swift in Sources */ = {isa = PBXBuildFile; fileRef = 2BCB8DE32B012A0900DD4C2F /* UIScreen+Extension.swift */; };
		2BCB8DEF2B012A0900DD4C2F /* UICollectionView+Extension.swift in Sources */ = {isa = PBXBuildFile; fileRef = 2BCB8DE42B012A0900DD4C2F /* UICollectionView+Extension.swift */; };
		2BCB8DF02B012A0900DD4C2F /* CGFloat+Extension.swift in Sources */ = {isa = PBXBuildFile; fileRef = 2BCB8DE52B012A0900DD4C2F /* CGFloat+Extension.swift */; };
		2BCB8DF12B012A0900DD4C2F /* UITableView+Extension.swift in Sources */ = {isa = PBXBuildFile; fileRef = 2BCB8DE62B012A0900DD4C2F /* UITableView+Extension.swift */; };
		2BCB8DF22B012A0900DD4C2F /* Array+Extension.swift in Sources */ = {isa = PBXBuildFile; fileRef = 2BCB8DE72B012A0900DD4C2F /* Array+Extension.swift */; };
		2BCB8DF52B012F0400DD4C2F /* Features.md in Resources */ = {isa = PBXBuildFile; fileRef = 2BCB8DF42B012F0400DD4C2F /* Features.md */; };
		32D0C81EF65366C63FFBC15F /* Pods_FoxSwift.framework in Frameworks */ = {isa = PBXBuildFile; fileRef = 52A02122AD8BC3743044861B /* Pods_FoxSwift.framework */; };
		9D6E0BB2533B01F64E52F69C /* Pods_FoxSwift_FoxSwiftUITests.framework in Frameworks */ = {isa = PBXBuildFile; fileRef = 8A57E96D0D7C870200E2A9F3 /* Pods_FoxSwift_FoxSwiftUITests.framework */; };
/* End PBXBuildFile section */

/* Begin PBXContainerItemProxy section */
		2BCB8DBF2B011F1600DD4C2F /* PBXContainerItemProxy */ = {
			isa = PBXContainerItemProxy;
			containerPortal = 2BCB8DA02B011F1400DD4C2F /* Project object */;
			proxyType = 1;
			remoteGlobalIDString = 2BCB8DA72B011F1400DD4C2F;
			remoteInfo = FoxSwift;
		};
		2BCB8DC92B011F1600DD4C2F /* PBXContainerItemProxy */ = {
			isa = PBXContainerItemProxy;
			containerPortal = 2BCB8DA02B011F1400DD4C2F /* Project object */;
			proxyType = 1;
			remoteGlobalIDString = 2BCB8DA72B011F1400DD4C2F;
			remoteInfo = FoxSwift;
		};
/* End PBXContainerItemProxy section */

/* Begin PBXFileReference section */
		282CC23D05414AE0E3EA633E /* Pods-FoxSwiftTests.release.xcconfig */ = {isa = PBXFileReference; includeInIndex = 1; lastKnownFileType = text.xcconfig; name = "Pods-FoxSwiftTests.release.xcconfig"; path = "Target Support Files/Pods-FoxSwiftTests/Pods-FoxSwiftTests.release.xcconfig"; sourceTree = "<group>"; };
		2B228F872B04C59100539E8A /* Box.swift */ = {isa = PBXFileReference; lastKnownFileType = sourcecode.swift; path = Box.swift; sourceTree = "<group>"; };
		2B228F8A2B04C90C00539E8A /* Participant.swift */ = {isa = PBXFileReference; lastKnownFileType = sourcecode.swift; path = Participant.swift; sourceTree = "<group>"; };
		2B24FFA82B0374A30000C5A3 /* FSTabBarController.swift */ = {isa = PBXFileReference; lastKnownFileType = sourcecode.swift; path = FSTabBarController.swift; sourceTree = "<group>"; };
		2B24FFAA2B03753F0000C5A3 /* Localizable.swift */ = {isa = PBXFileReference; lastKnownFileType = sourcecode.swift; path = Localizable.swift; sourceTree = "<group>"; };
		2B25DEAC2B04F19000D3E87A /* MeetingRoomProvider.swift */ = {isa = PBXFileReference; lastKnownFileType = sourcecode.swift; path = MeetingRoomProvider.swift; sourceTree = "<group>"; };
		2B5AC1642B05BB52007B717C /* Result+Extension.swift */ = {isa = PBXFileReference; lastKnownFileType = sourcecode.swift; path = "Result+Extension.swift"; sourceTree = "<group>"; };
		2B5AC1682B0613AF007B717C /* MeetsViewController.swift */ = {isa = PBXFileReference; lastKnownFileType = sourcecode.swift; path = MeetsViewController.swift; sourceTree = "<group>"; };
		2B5AC16C2B063506007B717C /* GoogleService-Info.plist */ = {isa = PBXFileReference; fileEncoding = 4; lastKnownFileType = text.plist.xml; path = "GoogleService-Info.plist"; sourceTree = "<group>"; };
		2B6FF8B82B05ADB800E9C933 /* FirebaseFirestoreWrapper.swift */ = {isa = PBXFileReference; lastKnownFileType = sourcecode.swift; path = FirebaseFirestoreWrapper.swift; sourceTree = "<group>"; };
		2B8F9D1E2B0486B4002D9076 /* FSNavigationController.swift */ = {isa = PBXFileReference; lastKnownFileType = sourcecode.swift; path = FSNavigationController.swift; sourceTree = "<group>"; };
		2B8F9D202B048C10002D9076 /* FSViewController.swift */ = {isa = PBXFileReference; lastKnownFileType = sourcecode.swift; path = FSViewController.swift; sourceTree = "<group>"; };
		2BA4D15E2B072DCB00637596 /* ParticipantDetailProvider.swift */ = {isa = PBXFileReference; lastKnownFileType = sourcecode.swift; path = ParticipantDetailProvider.swift; sourceTree = "<group>"; };
		2BCB8DA82B011F1400DD4C2F /* FoxSwift.app */ = {isa = PBXFileReference; explicitFileType = wrapper.application; includeInIndex = 0; path = FoxSwift.app; sourceTree = BUILT_PRODUCTS_DIR; };
		2BCB8DAB2B011F1400DD4C2F /* AppDelegate.swift */ = {isa = PBXFileReference; lastKnownFileType = sourcecode.swift; path = AppDelegate.swift; sourceTree = "<group>"; };
		2BCB8DAD2B011F1400DD4C2F /* SceneDelegate.swift */ = {isa = PBXFileReference; lastKnownFileType = sourcecode.swift; path = SceneDelegate.swift; sourceTree = "<group>"; };
		2BCB8DB42B011F1500DD4C2F /* Assets.xcassets */ = {isa = PBXFileReference; lastKnownFileType = folder.assetcatalog; path = Assets.xcassets; sourceTree = "<group>"; };
		2BCB8DB72B011F1500DD4C2F /* Base */ = {isa = PBXFileReference; lastKnownFileType = file.storyboard; name = Base; path = Base.lproj/LaunchScreen.storyboard; sourceTree = "<group>"; };
		2BCB8DB92B011F1500DD4C2F /* Info.plist */ = {isa = PBXFileReference; lastKnownFileType = text.plist.xml; path = Info.plist; sourceTree = "<group>"; };
		2BCB8DBE2B011F1600DD4C2F /* FoxSwiftTests.xctest */ = {isa = PBXFileReference; explicitFileType = wrapper.cfbundle; includeInIndex = 0; path = FoxSwiftTests.xctest; sourceTree = BUILT_PRODUCTS_DIR; };
		2BCB8DC22B011F1600DD4C2F /* FoxSwiftTests.swift */ = {isa = PBXFileReference; lastKnownFileType = sourcecode.swift; path = FoxSwiftTests.swift; sourceTree = "<group>"; };
		2BCB8DC82B011F1600DD4C2F /* FoxSwiftUITests.xctest */ = {isa = PBXFileReference; explicitFileType = wrapper.cfbundle; includeInIndex = 0; path = FoxSwiftUITests.xctest; sourceTree = BUILT_PRODUCTS_DIR; };
		2BCB8DCC2B011F1600DD4C2F /* FoxSwiftUITests.swift */ = {isa = PBXFileReference; lastKnownFileType = sourcecode.swift; path = FoxSwiftUITests.swift; sourceTree = "<group>"; };
		2BCB8DCE2B011F1600DD4C2F /* FoxSwiftUITestsLaunchTests.swift */ = {isa = PBXFileReference; lastKnownFileType = sourcecode.swift; path = FoxSwiftUITestsLaunchTests.swift; sourceTree = "<group>"; };
		2BCB8DDD2B012A0900DD4C2F /* UIFont+Extension.swift */ = {isa = PBXFileReference; fileEncoding = 4; lastKnownFileType = sourcecode.swift; path = "UIFont+Extension.swift"; sourceTree = "<group>"; };
		2BCB8DDE2B012A0900DD4C2F /* UIColor+Extension.swift */ = {isa = PBXFileReference; fileEncoding = 4; lastKnownFileType = sourcecode.swift; path = "UIColor+Extension.swift"; sourceTree = "<group>"; };
		2BCB8DE02B012A0900DD4C2F /* UIButton+Extension.swift */ = {isa = PBXFileReference; fileEncoding = 4; lastKnownFileType = sourcecode.swift; path = "UIButton+Extension.swift"; sourceTree = "<group>"; };
		2BCB8DE22B012A0900DD4C2F /* String+Extension.swift */ = {isa = PBXFileReference; fileEncoding = 4; lastKnownFileType = sourcecode.swift; path = "String+Extension.swift"; sourceTree = "<group>"; };
		2BCB8DE32B012A0900DD4C2F /* UIScreen+Extension.swift */ = {isa = PBXFileReference; fileEncoding = 4; lastKnownFileType = sourcecode.swift; path = "UIScreen+Extension.swift"; sourceTree = "<group>"; };
		2BCB8DE42B012A0900DD4C2F /* UICollectionView+Extension.swift */ = {isa = PBXFileReference; fileEncoding = 4; lastKnownFileType = sourcecode.swift; path = "UICollectionView+Extension.swift"; sourceTree = "<group>"; };
		2BCB8DE52B012A0900DD4C2F /* CGFloat+Extension.swift */ = {isa = PBXFileReference; fileEncoding = 4; lastKnownFileType = sourcecode.swift; path = "CGFloat+Extension.swift"; sourceTree = "<group>"; };
		2BCB8DE62B012A0900DD4C2F /* UITableView+Extension.swift */ = {isa = PBXFileReference; fileEncoding = 4; lastKnownFileType = sourcecode.swift; path = "UITableView+Extension.swift"; sourceTree = "<group>"; };
		2BCB8DE72B012A0900DD4C2F /* Array+Extension.swift */ = {isa = PBXFileReference; fileEncoding = 4; lastKnownFileType = sourcecode.swift; path = "Array+Extension.swift"; sourceTree = "<group>"; };
		2BCB8DF42B012F0400DD4C2F /* Features.md */ = {isa = PBXFileReference; lastKnownFileType = net.daringfireball.markdown; path = Features.md; sourceTree = "<group>"; };
		52A02122AD8BC3743044861B /* Pods_FoxSwift.framework */ = {isa = PBXFileReference; explicitFileType = wrapper.framework; includeInIndex = 0; path = Pods_FoxSwift.framework; sourceTree = BUILT_PRODUCTS_DIR; };
		698C76CEA958F27B657066EC /* Pods-FoxSwift.debug.xcconfig */ = {isa = PBXFileReference; includeInIndex = 1; lastKnownFileType = text.xcconfig; name = "Pods-FoxSwift.debug.xcconfig"; path = "Target Support Files/Pods-FoxSwift/Pods-FoxSwift.debug.xcconfig"; sourceTree = "<group>"; };
		7794B6A933E85AC6011BA770 /* Pods-FoxSwiftTests.debug.xcconfig */ = {isa = PBXFileReference; includeInIndex = 1; lastKnownFileType = text.xcconfig; name = "Pods-FoxSwiftTests.debug.xcconfig"; path = "Target Support Files/Pods-FoxSwiftTests/Pods-FoxSwiftTests.debug.xcconfig"; sourceTree = "<group>"; };
		7F3453DBE42C7CC25625F541 /* Pods-FoxSwift.release.xcconfig */ = {isa = PBXFileReference; includeInIndex = 1; lastKnownFileType = text.xcconfig; name = "Pods-FoxSwift.release.xcconfig"; path = "Target Support Files/Pods-FoxSwift/Pods-FoxSwift.release.xcconfig"; sourceTree = "<group>"; };
		8A57E96D0D7C870200E2A9F3 /* Pods_FoxSwift_FoxSwiftUITests.framework */ = {isa = PBXFileReference; explicitFileType = wrapper.framework; includeInIndex = 0; path = Pods_FoxSwift_FoxSwiftUITests.framework; sourceTree = BUILT_PRODUCTS_DIR; };
		B6A7B5B6479A3C264EFD34AE /* Pods-FoxSwift-FoxSwiftUITests.debug.xcconfig */ = {isa = PBXFileReference; includeInIndex = 1; lastKnownFileType = text.xcconfig; name = "Pods-FoxSwift-FoxSwiftUITests.debug.xcconfig"; path = "Target Support Files/Pods-FoxSwift-FoxSwiftUITests/Pods-FoxSwift-FoxSwiftUITests.debug.xcconfig"; sourceTree = "<group>"; };
		CC8C9CD484F66BE6A3F70C38 /* Pods-FoxSwift-FoxSwiftUITests.release.xcconfig */ = {isa = PBXFileReference; includeInIndex = 1; lastKnownFileType = text.xcconfig; name = "Pods-FoxSwift-FoxSwiftUITests.release.xcconfig"; path = "Target Support Files/Pods-FoxSwift-FoxSwiftUITests/Pods-FoxSwift-FoxSwiftUITests.release.xcconfig"; sourceTree = "<group>"; };
		D61F643D2C7C19BA3EE11A86 /* Pods_FoxSwiftTests.framework */ = {isa = PBXFileReference; explicitFileType = wrapper.framework; includeInIndex = 0; path = Pods_FoxSwiftTests.framework; sourceTree = BUILT_PRODUCTS_DIR; };
/* End PBXFileReference section */

/* Begin PBXFrameworksBuildPhase section */
		2BCB8DA52B011F1400DD4C2F /* Frameworks */ = {
			isa = PBXFrameworksBuildPhase;
			buildActionMask = 2147483647;
			files = (
				32D0C81EF65366C63FFBC15F /* Pods_FoxSwift.framework in Frameworks */,
			);
			runOnlyForDeploymentPostprocessing = 0;
		};
		2BCB8DBB2B011F1600DD4C2F /* Frameworks */ = {
			isa = PBXFrameworksBuildPhase;
			buildActionMask = 2147483647;
			files = (
				053F6D87BE841895DB81E89A /* Pods_FoxSwiftTests.framework in Frameworks */,
			);
			runOnlyForDeploymentPostprocessing = 0;
		};
		2BCB8DC52B011F1600DD4C2F /* Frameworks */ = {
			isa = PBXFrameworksBuildPhase;
			buildActionMask = 2147483647;
			files = (
				9D6E0BB2533B01F64E52F69C /* Pods_FoxSwift_FoxSwiftUITests.framework in Frameworks */,
			);
			runOnlyForDeploymentPostprocessing = 0;
		};
/* End PBXFrameworksBuildPhase section */

/* Begin PBXGroup section */
		2B228F892B04C5BD00539E8A /* Utilities */ = {
			isa = PBXGroup;
			children = (
				2B228F872B04C59100539E8A /* Box.swift */,
			);
			path = Utilities;
			sourceTree = "<group>";
		};
		2B24FFA02B03734B0000C5A3 /* Model */ = {
			isa = PBXGroup;
			children = (
				2B228F8A2B04C90C00539E8A /* Participant.swift */,
				2B24FFAA2B03753F0000C5A3 /* Localizable.swift */,
			);
			path = Model;
			sourceTree = "<group>";
		};
		2B24FFA12B03738E0000C5A3 /* Network */ = {
			isa = PBXGroup;
			children = (
				2B25DEAC2B04F19000D3E87A /* MeetingRoomProvider.swift */,
				2BA4D15E2B072DCB00637596 /* ParticipantDetailProvider.swift */,
			);
			path = Network;
			sourceTree = "<group>";
		};
		2B24FFA22B03739A0000C5A3 /* View */ = {
			isa = PBXGroup;
			children = (
				2B24FFA62B0374140000C5A3 /* Base */,
				2B24FFA52B0374000000C5A3 /* ViewController */,
			);
			path = View;
			sourceTree = "<group>";
		};
		2B24FFA32B0373AF0000C5A3 /* ViewModel */ = {
			isa = PBXGroup;
			children = (
			);
			path = ViewModel;
			sourceTree = "<group>";
		};
		2B24FFA52B0374000000C5A3 /* ViewController */ = {
			isa = PBXGroup;
			children = (
				2B5AC1682B0613AF007B717C /* MeetsViewController.swift */,
			);
			path = ViewController;
			sourceTree = "<group>";
		};
		2B24FFA62B0374140000C5A3 /* Base */ = {
			isa = PBXGroup;
			children = (
				2B24FFA82B0374A30000C5A3 /* FSTabBarController.swift */,
				2B8F9D1E2B0486B4002D9076 /* FSNavigationController.swift */,
				2B8F9D202B048C10002D9076 /* FSViewController.swift */,
			);
			path = Base;
			sourceTree = "<group>";
		};
		2B24FFA72B0374470000C5A3 /* ThirdPartyWrapper */ = {
			isa = PBXGroup;
			children = (
				2B6FF8B82B05ADB800E9C933 /* FirebaseFirestoreWrapper.swift */,
			);
			path = ThirdPartyWrapper;
			sourceTree = "<group>";
		};
		2BCB8D9F2B011F1400DD4C2F = {
			isa = PBXGroup;
			children = (
				2BCB8DAA2B011F1400DD4C2F /* FoxSwift */,
				2BCB8DC12B011F1600DD4C2F /* FoxSwiftTests */,
				2BCB8DCB2B011F1600DD4C2F /* FoxSwiftUITests */,
				2BCB8DA92B011F1400DD4C2F /* Products */,
				E28C46BF9D8CDE364E0A0B5C /* Pods */,
				9227D149F915E58D7BB970E4 /* Frameworks */,
			);
			sourceTree = "<group>";
		};
		2BCB8DA92B011F1400DD4C2F /* Products */ = {
			isa = PBXGroup;
			children = (
				2BCB8DA82B011F1400DD4C2F /* FoxSwift.app */,
				2BCB8DBE2B011F1600DD4C2F /* FoxSwiftTests.xctest */,
				2BCB8DC82B011F1600DD4C2F /* FoxSwiftUITests.xctest */,
			);
			name = Products;
			sourceTree = "<group>";
		};
		2BCB8DAA2B011F1400DD4C2F /* FoxSwift */ = {
			isa = PBXGroup;
			children = (
				2BCB8DF32B012EF000DD4C2F /* Docs */,
				2BCB8DDC2B012A0900DD4C2F /* Extensions */,
				2B228F892B04C5BD00539E8A /* Utilities */,
				2BCB8DAB2B011F1400DD4C2F /* AppDelegate.swift */,
				2BCB8DAD2B011F1400DD4C2F /* SceneDelegate.swift */,
				2B24FFA72B0374470000C5A3 /* ThirdPartyWrapper */,
				2B24FFA12B03738E0000C5A3 /* Network */,
				2B24FFA02B03734B0000C5A3 /* Model */,
				2B24FFA32B0373AF0000C5A3 /* ViewModel */,
				2B24FFA22B03739A0000C5A3 /* View */,
				2BCB8DB42B011F1500DD4C2F /* Assets.xcassets */,
				2BCB8DB62B011F1500DD4C2F /* LaunchScreen.storyboard */,
				2B5AC16C2B063506007B717C /* GoogleService-Info.plist */,
				2BCB8DB92B011F1500DD4C2F /* Info.plist */,
			);
			path = FoxSwift;
			sourceTree = "<group>";
		};
		2BCB8DC12B011F1600DD4C2F /* FoxSwiftTests */ = {
			isa = PBXGroup;
			children = (
				2BCB8DC22B011F1600DD4C2F /* FoxSwiftTests.swift */,
			);
			path = FoxSwiftTests;
			sourceTree = "<group>";
		};
		2BCB8DCB2B011F1600DD4C2F /* FoxSwiftUITests */ = {
			isa = PBXGroup;
			children = (
				2BCB8DCC2B011F1600DD4C2F /* FoxSwiftUITests.swift */,
				2BCB8DCE2B011F1600DD4C2F /* FoxSwiftUITestsLaunchTests.swift */,
			);
			path = FoxSwiftUITests;
			sourceTree = "<group>";
		};
		2BCB8DDC2B012A0900DD4C2F /* Extensions */ = {
			isa = PBXGroup;
			children = (
				2BCB8DDD2B012A0900DD4C2F /* UIFont+Extension.swift */,
				2BCB8DDE2B012A0900DD4C2F /* UIColor+Extension.swift */,
				2BCB8DE02B012A0900DD4C2F /* UIButton+Extension.swift */,
				2BCB8DE22B012A0900DD4C2F /* String+Extension.swift */,
				2BCB8DE32B012A0900DD4C2F /* UIScreen+Extension.swift */,
				2BCB8DE42B012A0900DD4C2F /* UICollectionView+Extension.swift */,
				2BCB8DE52B012A0900DD4C2F /* CGFloat+Extension.swift */,
				2BCB8DE62B012A0900DD4C2F /* UITableView+Extension.swift */,
				2BCB8DE72B012A0900DD4C2F /* Array+Extension.swift */,
				2B5AC1642B05BB52007B717C /* Result+Extension.swift */,
			);
			path = Extensions;
			sourceTree = "<group>";
		};
		2BCB8DF32B012EF000DD4C2F /* Docs */ = {
			isa = PBXGroup;
			children = (
				2BCB8DF42B012F0400DD4C2F /* Features.md */,
			);
			path = Docs;
			sourceTree = "<group>";
		};
		9227D149F915E58D7BB970E4 /* Frameworks */ = {
			isa = PBXGroup;
			children = (
				52A02122AD8BC3743044861B /* Pods_FoxSwift.framework */,
				8A57E96D0D7C870200E2A9F3 /* Pods_FoxSwift_FoxSwiftUITests.framework */,
				D61F643D2C7C19BA3EE11A86 /* Pods_FoxSwiftTests.framework */,
			);
			name = Frameworks;
			sourceTree = "<group>";
		};
		E28C46BF9D8CDE364E0A0B5C /* Pods */ = {
			isa = PBXGroup;
			children = (
				698C76CEA958F27B657066EC /* Pods-FoxSwift.debug.xcconfig */,
				7F3453DBE42C7CC25625F541 /* Pods-FoxSwift.release.xcconfig */,
				B6A7B5B6479A3C264EFD34AE /* Pods-FoxSwift-FoxSwiftUITests.debug.xcconfig */,
				CC8C9CD484F66BE6A3F70C38 /* Pods-FoxSwift-FoxSwiftUITests.release.xcconfig */,
				7794B6A933E85AC6011BA770 /* Pods-FoxSwiftTests.debug.xcconfig */,
				282CC23D05414AE0E3EA633E /* Pods-FoxSwiftTests.release.xcconfig */,
			);
			path = Pods;
			sourceTree = "<group>";
		};
/* End PBXGroup section */

/* Begin PBXNativeTarget section */
		2BCB8DA72B011F1400DD4C2F /* FoxSwift */ = {
			isa = PBXNativeTarget;
			buildConfigurationList = 2BCB8DD22B011F1600DD4C2F /* Build configuration list for PBXNativeTarget "FoxSwift" */;
			buildPhases = (
				95E614995322D21B818F829E /* [CP] Check Pods Manifest.lock */,
				2BCB8DA42B011F1400DD4C2F /* Sources */,
				2BCB8DA52B011F1400DD4C2F /* Frameworks */,
				2BCB8DA62B011F1400DD4C2F /* Resources */,
				7DE2F595F3E0170BBB2F407B /* [CP] Embed Pods Frameworks */,
				2B8F9D222B04AB11002D9076 /* ShellScript */,
			);
			buildRules = (
			);
			dependencies = (
			);
			name = FoxSwift;
			productName = FoxSwift;
			productReference = 2BCB8DA82B011F1400DD4C2F /* FoxSwift.app */;
			productType = "com.apple.product-type.application";
		};
		2BCB8DBD2B011F1600DD4C2F /* FoxSwiftTests */ = {
			isa = PBXNativeTarget;
			buildConfigurationList = 2BCB8DD52B011F1600DD4C2F /* Build configuration list for PBXNativeTarget "FoxSwiftTests" */;
			buildPhases = (
				2B392AB28FAF4A93F15E3183 /* [CP] Check Pods Manifest.lock */,
				2BCB8DBA2B011F1600DD4C2F /* Sources */,
				2BCB8DBB2B011F1600DD4C2F /* Frameworks */,
				2BCB8DBC2B011F1600DD4C2F /* Resources */,
			);
			buildRules = (
			);
			dependencies = (
				2BCB8DC02B011F1600DD4C2F /* PBXTargetDependency */,
			);
			name = FoxSwiftTests;
			productName = FoxSwiftTests;
			productReference = 2BCB8DBE2B011F1600DD4C2F /* FoxSwiftTests.xctest */;
			productType = "com.apple.product-type.bundle.unit-test";
		};
		2BCB8DC72B011F1600DD4C2F /* FoxSwiftUITests */ = {
			isa = PBXNativeTarget;
			buildConfigurationList = 2BCB8DD82B011F1600DD4C2F /* Build configuration list for PBXNativeTarget "FoxSwiftUITests" */;
			buildPhases = (
				FED6DBC1474AA5CF5742CDEF /* [CP] Check Pods Manifest.lock */,
				2BCB8DC42B011F1600DD4C2F /* Sources */,
				2BCB8DC52B011F1600DD4C2F /* Frameworks */,
				2BCB8DC62B011F1600DD4C2F /* Resources */,
				B97EA1450202DCC242B03F92 /* [CP] Embed Pods Frameworks */,
			);
			buildRules = (
			);
			dependencies = (
				2BCB8DCA2B011F1600DD4C2F /* PBXTargetDependency */,
			);
			name = FoxSwiftUITests;
			productName = FoxSwiftUITests;
			productReference = 2BCB8DC82B011F1600DD4C2F /* FoxSwiftUITests.xctest */;
			productType = "com.apple.product-type.bundle.ui-testing";
		};
/* End PBXNativeTarget section */

/* Begin PBXProject section */
		2BCB8DA02B011F1400DD4C2F /* Project object */ = {
			isa = PBXProject;
			attributes = {
				BuildIndependentTargetsInParallel = 1;
				LastSwiftUpdateCheck = 1500;
				LastUpgradeCheck = 1500;
				TargetAttributes = {
					2BCB8DA72B011F1400DD4C2F = {
						CreatedOnToolsVersion = 15.0.1;
					};
					2BCB8DBD2B011F1600DD4C2F = {
						CreatedOnToolsVersion = 15.0.1;
						TestTargetID = 2BCB8DA72B011F1400DD4C2F;
					};
					2BCB8DC72B011F1600DD4C2F = {
						CreatedOnToolsVersion = 15.0.1;
						TestTargetID = 2BCB8DA72B011F1400DD4C2F;
					};
				};
			};
			buildConfigurationList = 2BCB8DA32B011F1400DD4C2F /* Build configuration list for PBXProject "FoxSwift" */;
			compatibilityVersion = "Xcode 14.0";
			developmentRegion = en;
			hasScannedForEncodings = 0;
			knownRegions = (
				en,
				Base,
			);
			mainGroup = 2BCB8D9F2B011F1400DD4C2F;
			productRefGroup = 2BCB8DA92B011F1400DD4C2F /* Products */;
			projectDirPath = "";
			projectRoot = "";
			targets = (
				2BCB8DA72B011F1400DD4C2F /* FoxSwift */,
				2BCB8DBD2B011F1600DD4C2F /* FoxSwiftTests */,
				2BCB8DC72B011F1600DD4C2F /* FoxSwiftUITests */,
			);
		};
/* End PBXProject section */

/* Begin PBXResourcesBuildPhase section */
		2BCB8DA62B011F1400DD4C2F /* Resources */ = {
			isa = PBXResourcesBuildPhase;
			buildActionMask = 2147483647;
			files = (
				2BCB8DB82B011F1500DD4C2F /* LaunchScreen.storyboard in Resources */,
				2B5AC16D2B063506007B717C /* GoogleService-Info.plist in Resources */,
				2BCB8DF52B012F0400DD4C2F /* Features.md in Resources */,
				2BCB8DB52B011F1500DD4C2F /* Assets.xcassets in Resources */,
			);
			runOnlyForDeploymentPostprocessing = 0;
		};
		2BCB8DBC2B011F1600DD4C2F /* Resources */ = {
			isa = PBXResourcesBuildPhase;
			buildActionMask = 2147483647;
			files = (
			);
			runOnlyForDeploymentPostprocessing = 0;
		};
		2BCB8DC62B011F1600DD4C2F /* Resources */ = {
			isa = PBXResourcesBuildPhase;
			buildActionMask = 2147483647;
			files = (
			);
			runOnlyForDeploymentPostprocessing = 0;
		};
/* End PBXResourcesBuildPhase section */

/* Begin PBXShellScriptBuildPhase section */
		2B392AB28FAF4A93F15E3183 /* [CP] Check Pods Manifest.lock */ = {
			isa = PBXShellScriptBuildPhase;
			buildActionMask = 2147483647;
			files = (
			);
			inputFileListPaths = (
			);
			inputPaths = (
				"${PODS_PODFILE_DIR_PATH}/Podfile.lock",
				"${PODS_ROOT}/Manifest.lock",
			);
			name = "[CP] Check Pods Manifest.lock";
			outputFileListPaths = (
			);
			outputPaths = (
				"$(DERIVED_FILE_DIR)/Pods-FoxSwiftTests-checkManifestLockResult.txt",
			);
			runOnlyForDeploymentPostprocessing = 0;
			shellPath = /bin/sh;
			shellScript = "diff \"${PODS_PODFILE_DIR_PATH}/Podfile.lock\" \"${PODS_ROOT}/Manifest.lock\" > /dev/null\nif [ $? != 0 ] ; then\n    # print error to STDERR\n    echo \"error: The sandbox is not in sync with the Podfile.lock. Run 'pod install' or update your CocoaPods installation.\" >&2\n    exit 1\nfi\n# This output is used by Xcode 'outputs' to avoid re-running this script phase.\necho \"SUCCESS\" > \"${SCRIPT_OUTPUT_FILE_0}\"\n";
			showEnvVarsInLog = 0;
		};
		2B8F9D222B04AB11002D9076 /* ShellScript */ = {
			isa = PBXShellScriptBuildPhase;
			alwaysOutOfDate = 1;
			buildActionMask = 2147483647;
			files = (
			);
			inputFileListPaths = (
			);
			inputPaths = (
			);
			outputFileListPaths = (
			);
			outputPaths = (
			);
			runOnlyForDeploymentPostprocessing = 0;
			shellPath = /bin/sh;
			shellScript = "# Type a script or drag a script file from your workspace to insert its path.\n\"${PODS_ROOT}/SwiftLint/swiftlint\"\n";
		};
		7DE2F595F3E0170BBB2F407B /* [CP] Embed Pods Frameworks */ = {
			isa = PBXShellScriptBuildPhase;
			buildActionMask = 2147483647;
			files = (
			);
			inputFileListPaths = (
				"${PODS_ROOT}/Target Support Files/Pods-FoxSwift/Pods-FoxSwift-frameworks-${CONFIGURATION}-input-files.xcfilelist",
			);
			name = "[CP] Embed Pods Frameworks";
			outputFileListPaths = (
				"${PODS_ROOT}/Target Support Files/Pods-FoxSwift/Pods-FoxSwift-frameworks-${CONFIGURATION}-output-files.xcfilelist",
			);
			runOnlyForDeploymentPostprocessing = 0;
			shellPath = /bin/sh;
			shellScript = "\"${PODS_ROOT}/Target Support Files/Pods-FoxSwift/Pods-FoxSwift-frameworks.sh\"\n";
			showEnvVarsInLog = 0;
		};
		95E614995322D21B818F829E /* [CP] Check Pods Manifest.lock */ = {
			isa = PBXShellScriptBuildPhase;
			buildActionMask = 12;
			files = (
			);
			inputFileListPaths = (
			);
			inputPaths = (
				"${PODS_PODFILE_DIR_PATH}/Podfile.lock",
				"${PODS_ROOT}/Manifest.lock",
			);
			name = "[CP] Check Pods Manifest.lock";
			outputFileListPaths = (
			);
			outputPaths = (
				"$(DERIVED_FILE_DIR)/Pods-FoxSwift-checkManifestLockResult.txt",
			);
			runOnlyForDeploymentPostprocessing = 0;
			shellPath = /bin/sh;
			shellScript = "diff \"${PODS_PODFILE_DIR_PATH}/Podfile.lock\" \"${PODS_ROOT}/Manifest.lock\" > /dev/null\nif [ $? != 0 ] ; then\n    # print error to STDERR\n    echo \"error: The sandbox is not in sync with the Podfile.lock. Run 'pod install' or update your CocoaPods installation.\" >&2\n    exit 1\nfi\n# This output is used by Xcode 'outputs' to avoid re-running this script phase.\necho \"SUCCESS\" > \"${SCRIPT_OUTPUT_FILE_0}\"\n";
			showEnvVarsInLog = 0;
		};
		B97EA1450202DCC242B03F92 /* [CP] Embed Pods Frameworks */ = {
			isa = PBXShellScriptBuildPhase;
			buildActionMask = 2147483647;
			files = (
			);
			inputFileListPaths = (
				"${PODS_ROOT}/Target Support Files/Pods-FoxSwift-FoxSwiftUITests/Pods-FoxSwift-FoxSwiftUITests-frameworks-${CONFIGURATION}-input-files.xcfilelist",
			);
			name = "[CP] Embed Pods Frameworks";
			outputFileListPaths = (
				"${PODS_ROOT}/Target Support Files/Pods-FoxSwift-FoxSwiftUITests/Pods-FoxSwift-FoxSwiftUITests-frameworks-${CONFIGURATION}-output-files.xcfilelist",
			);
			runOnlyForDeploymentPostprocessing = 0;
			shellPath = /bin/sh;
			shellScript = "\"${PODS_ROOT}/Target Support Files/Pods-FoxSwift-FoxSwiftUITests/Pods-FoxSwift-FoxSwiftUITests-frameworks.sh\"\n";
			showEnvVarsInLog = 0;
		};
		FED6DBC1474AA5CF5742CDEF /* [CP] Check Pods Manifest.lock */ = {
			isa = PBXShellScriptBuildPhase;
			buildActionMask = 2147483647;
			files = (
			);
			inputFileListPaths = (
			);
			inputPaths = (
				"${PODS_PODFILE_DIR_PATH}/Podfile.lock",
				"${PODS_ROOT}/Manifest.lock",
			);
			name = "[CP] Check Pods Manifest.lock";
			outputFileListPaths = (
			);
			outputPaths = (
				"$(DERIVED_FILE_DIR)/Pods-FoxSwift-FoxSwiftUITests-checkManifestLockResult.txt",
			);
			runOnlyForDeploymentPostprocessing = 0;
			shellPath = /bin/sh;
			shellScript = "diff \"${PODS_PODFILE_DIR_PATH}/Podfile.lock\" \"${PODS_ROOT}/Manifest.lock\" > /dev/null\nif [ $? != 0 ] ; then\n    # print error to STDERR\n    echo \"error: The sandbox is not in sync with the Podfile.lock. Run 'pod install' or update your CocoaPods installation.\" >&2\n    exit 1\nfi\n# This output is used by Xcode 'outputs' to avoid re-running this script phase.\necho \"SUCCESS\" > \"${SCRIPT_OUTPUT_FILE_0}\"\n";
			showEnvVarsInLog = 0;
		};
/* End PBXShellScriptBuildPhase section */

/* Begin PBXSourcesBuildPhase section */
		2BCB8DA42B011F1400DD4C2F /* Sources */ = {
			isa = PBXSourcesBuildPhase;
			buildActionMask = 2147483647;
			files = (
				2B25DEAD2B04F19000D3E87A /* MeetingRoomProvider.swift in Sources */,
				2B228F8B2B04C90C00539E8A /* Participant.swift in Sources */,
				2B8F9D1F2B0486B4002D9076 /* FSNavigationController.swift in Sources */,
				2B6FF8B92B05ADB800E9C933 /* FirebaseFirestoreWrapper.swift in Sources */,
				2B8F9D212B048C10002D9076 /* FSViewController.swift in Sources */,
				2B5AC1652B05BB52007B717C /* Result+Extension.swift in Sources */,
				2BCB8DEF2B012A0900DD4C2F /* UICollectionView+Extension.swift in Sources */,
				2BCB8DF02B012A0900DD4C2F /* CGFloat+Extension.swift in Sources */,
				2B24FFA92B0374A30000C5A3 /* FSTabBarController.swift in Sources */,
				2BCB8DEE2B012A0900DD4C2F /* UIScreen+Extension.swift in Sources */,
				2BCB8DED2B012A0900DD4C2F /* String+Extension.swift in Sources */,
				2BA4D15F2B072DCB00637596 /* ParticipantDetailProvider.swift in Sources */,
				2BCB8DAC2B011F1400DD4C2F /* AppDelegate.swift in Sources */,
				2B228F882B04C59100539E8A /* Box.swift in Sources */,
				2BCB8DE82B012A0900DD4C2F /* UIFont+Extension.swift in Sources */,
				2BCB8DAE2B011F1400DD4C2F /* SceneDelegate.swift in Sources */,
				2B5AC1692B0613AF007B717C /* MeetsViewController.swift in Sources */,
				2BCB8DE92B012A0900DD4C2F /* UIColor+Extension.swift in Sources */,
				2BCB8DF22B012A0900DD4C2F /* Array+Extension.swift in Sources */,
				2BCB8DEB2B012A0900DD4C2F /* UIButton+Extension.swift in Sources */,
				2B24FFAB2B03753F0000C5A3 /* Localizable.swift in Sources */,
				2BCB8DF12B012A0900DD4C2F /* UITableView+Extension.swift in Sources */,
			);
			runOnlyForDeploymentPostprocessing = 0;
		};
		2BCB8DBA2B011F1600DD4C2F /* Sources */ = {
			isa = PBXSourcesBuildPhase;
			buildActionMask = 2147483647;
			files = (
				2BCB8DC32B011F1600DD4C2F /* FoxSwiftTests.swift in Sources */,
			);
			runOnlyForDeploymentPostprocessing = 0;
		};
		2BCB8DC42B011F1600DD4C2F /* Sources */ = {
			isa = PBXSourcesBuildPhase;
			buildActionMask = 2147483647;
			files = (
				2BCB8DCF2B011F1600DD4C2F /* FoxSwiftUITestsLaunchTests.swift in Sources */,
				2BCB8DCD2B011F1600DD4C2F /* FoxSwiftUITests.swift in Sources */,
			);
			runOnlyForDeploymentPostprocessing = 0;
		};
/* End PBXSourcesBuildPhase section */

/* Begin PBXTargetDependency section */
		2BCB8DC02B011F1600DD4C2F /* PBXTargetDependency */ = {
			isa = PBXTargetDependency;
			target = 2BCB8DA72B011F1400DD4C2F /* FoxSwift */;
			targetProxy = 2BCB8DBF2B011F1600DD4C2F /* PBXContainerItemProxy */;
		};
		2BCB8DCA2B011F1600DD4C2F /* PBXTargetDependency */ = {
			isa = PBXTargetDependency;
			target = 2BCB8DA72B011F1400DD4C2F /* FoxSwift */;
			targetProxy = 2BCB8DC92B011F1600DD4C2F /* PBXContainerItemProxy */;
		};
/* End PBXTargetDependency section */

/* Begin PBXVariantGroup section */
		2BCB8DB62B011F1500DD4C2F /* LaunchScreen.storyboard */ = {
			isa = PBXVariantGroup;
			children = (
				2BCB8DB72B011F1500DD4C2F /* Base */,
			);
			name = LaunchScreen.storyboard;
			sourceTree = "<group>";
		};
/* End PBXVariantGroup section */

/* Begin XCBuildConfiguration section */
		2BCB8DD02B011F1600DD4C2F /* Debug */ = {
			isa = XCBuildConfiguration;
			buildSettings = {
				ALWAYS_SEARCH_USER_PATHS = NO;
				ASSETCATALOG_COMPILER_GENERATE_SWIFT_ASSET_SYMBOL_EXTENSIONS = YES;
				CLANG_ANALYZER_NONNULL = YES;
				CLANG_ANALYZER_NUMBER_OBJECT_CONVERSION = YES_AGGRESSIVE;
				CLANG_CXX_LANGUAGE_STANDARD = "gnu++20";
				CLANG_ENABLE_MODULES = YES;
				CLANG_ENABLE_OBJC_ARC = YES;
				CLANG_ENABLE_OBJC_WEAK = YES;
				CLANG_WARN_BLOCK_CAPTURE_AUTORELEASING = YES;
				CLANG_WARN_BOOL_CONVERSION = YES;
				CLANG_WARN_COMMA = YES;
				CLANG_WARN_CONSTANT_CONVERSION = YES;
				CLANG_WARN_DEPRECATED_OBJC_IMPLEMENTATIONS = YES;
				CLANG_WARN_DIRECT_OBJC_ISA_USAGE = YES_ERROR;
				CLANG_WARN_DOCUMENTATION_COMMENTS = YES;
				CLANG_WARN_EMPTY_BODY = YES;
				CLANG_WARN_ENUM_CONVERSION = YES;
				CLANG_WARN_INFINITE_RECURSION = YES;
				CLANG_WARN_INT_CONVERSION = YES;
				CLANG_WARN_NON_LITERAL_NULL_CONVERSION = YES;
				CLANG_WARN_OBJC_IMPLICIT_RETAIN_SELF = YES;
				CLANG_WARN_OBJC_LITERAL_CONVERSION = YES;
				CLANG_WARN_OBJC_ROOT_CLASS = YES_ERROR;
				CLANG_WARN_QUOTED_INCLUDE_IN_FRAMEWORK_HEADER = YES;
				CLANG_WARN_RANGE_LOOP_ANALYSIS = YES;
				CLANG_WARN_STRICT_PROTOTYPES = YES;
				CLANG_WARN_SUSPICIOUS_MOVE = YES;
				CLANG_WARN_UNGUARDED_AVAILABILITY = YES_AGGRESSIVE;
				CLANG_WARN_UNREACHABLE_CODE = YES;
				CLANG_WARN__DUPLICATE_METHOD_MATCH = YES;
				COPY_PHASE_STRIP = NO;
				DEBUG_INFORMATION_FORMAT = dwarf;
				ENABLE_STRICT_OBJC_MSGSEND = YES;
				ENABLE_TESTABILITY = YES;
				ENABLE_USER_SCRIPT_SANDBOXING = YES;
				GCC_C_LANGUAGE_STANDARD = gnu17;
				GCC_DYNAMIC_NO_PIC = NO;
				GCC_NO_COMMON_BLOCKS = YES;
				GCC_OPTIMIZATION_LEVEL = 0;
				GCC_PREPROCESSOR_DEFINITIONS = (
					"DEBUG=1",
					"$(inherited)",
				);
				GCC_WARN_64_TO_32_BIT_CONVERSION = YES;
				GCC_WARN_ABOUT_RETURN_TYPE = YES_ERROR;
				GCC_WARN_UNDECLARED_SELECTOR = YES;
				GCC_WARN_UNINITIALIZED_AUTOS = YES_AGGRESSIVE;
				GCC_WARN_UNUSED_FUNCTION = YES;
				GCC_WARN_UNUSED_VARIABLE = YES;
				IPHONEOS_DEPLOYMENT_TARGET = 17.0;
				LOCALIZATION_PREFERS_STRING_CATALOGS = YES;
				MTL_ENABLE_DEBUG_INFO = INCLUDE_SOURCE;
				MTL_FAST_MATH = YES;
				ONLY_ACTIVE_ARCH = YES;
				SDKROOT = iphoneos;
				SWIFT_ACTIVE_COMPILATION_CONDITIONS = "DEBUG $(inherited)";
				SWIFT_OPTIMIZATION_LEVEL = "-Onone";
			};
			name = Debug;
		};
		2BCB8DD12B011F1600DD4C2F /* Release */ = {
			isa = XCBuildConfiguration;
			buildSettings = {
				ALWAYS_SEARCH_USER_PATHS = NO;
				ASSETCATALOG_COMPILER_GENERATE_SWIFT_ASSET_SYMBOL_EXTENSIONS = YES;
				CLANG_ANALYZER_NONNULL = YES;
				CLANG_ANALYZER_NUMBER_OBJECT_CONVERSION = YES_AGGRESSIVE;
				CLANG_CXX_LANGUAGE_STANDARD = "gnu++20";
				CLANG_ENABLE_MODULES = YES;
				CLANG_ENABLE_OBJC_ARC = YES;
				CLANG_ENABLE_OBJC_WEAK = YES;
				CLANG_WARN_BLOCK_CAPTURE_AUTORELEASING = YES;
				CLANG_WARN_BOOL_CONVERSION = YES;
				CLANG_WARN_COMMA = YES;
				CLANG_WARN_CONSTANT_CONVERSION = YES;
				CLANG_WARN_DEPRECATED_OBJC_IMPLEMENTATIONS = YES;
				CLANG_WARN_DIRECT_OBJC_ISA_USAGE = YES_ERROR;
				CLANG_WARN_DOCUMENTATION_COMMENTS = YES;
				CLANG_WARN_EMPTY_BODY = YES;
				CLANG_WARN_ENUM_CONVERSION = YES;
				CLANG_WARN_INFINITE_RECURSION = YES;
				CLANG_WARN_INT_CONVERSION = YES;
				CLANG_WARN_NON_LITERAL_NULL_CONVERSION = YES;
				CLANG_WARN_OBJC_IMPLICIT_RETAIN_SELF = YES;
				CLANG_WARN_OBJC_LITERAL_CONVERSION = YES;
				CLANG_WARN_OBJC_ROOT_CLASS = YES_ERROR;
				CLANG_WARN_QUOTED_INCLUDE_IN_FRAMEWORK_HEADER = YES;
				CLANG_WARN_RANGE_LOOP_ANALYSIS = YES;
				CLANG_WARN_STRICT_PROTOTYPES = YES;
				CLANG_WARN_SUSPICIOUS_MOVE = YES;
				CLANG_WARN_UNGUARDED_AVAILABILITY = YES_AGGRESSIVE;
				CLANG_WARN_UNREACHABLE_CODE = YES;
				CLANG_WARN__DUPLICATE_METHOD_MATCH = YES;
				COPY_PHASE_STRIP = NO;
				DEBUG_INFORMATION_FORMAT = "dwarf-with-dsym";
				ENABLE_NS_ASSERTIONS = NO;
				ENABLE_STRICT_OBJC_MSGSEND = YES;
				ENABLE_USER_SCRIPT_SANDBOXING = YES;
				GCC_C_LANGUAGE_STANDARD = gnu17;
				GCC_NO_COMMON_BLOCKS = YES;
				GCC_WARN_64_TO_32_BIT_CONVERSION = YES;
				GCC_WARN_ABOUT_RETURN_TYPE = YES_ERROR;
				GCC_WARN_UNDECLARED_SELECTOR = YES;
				GCC_WARN_UNINITIALIZED_AUTOS = YES_AGGRESSIVE;
				GCC_WARN_UNUSED_FUNCTION = YES;
				GCC_WARN_UNUSED_VARIABLE = YES;
				IPHONEOS_DEPLOYMENT_TARGET = 17.0;
				LOCALIZATION_PREFERS_STRING_CATALOGS = YES;
				MTL_ENABLE_DEBUG_INFO = NO;
				MTL_FAST_MATH = YES;
				SDKROOT = iphoneos;
				SWIFT_COMPILATION_MODE = wholemodule;
				VALIDATE_PRODUCT = YES;
			};
			name = Release;
		};
		2BCB8DD32B011F1600DD4C2F /* Debug */ = {
			isa = XCBuildConfiguration;
			baseConfigurationReference = 698C76CEA958F27B657066EC /* Pods-FoxSwift.debug.xcconfig */;
			buildSettings = {
				ASSETCATALOG_COMPILER_APPICON_NAME = AppIcon;
				ASSETCATALOG_COMPILER_GLOBAL_ACCENT_COLOR_NAME = AccentColor;
				CODE_SIGN_STYLE = Automatic;
				CURRENT_PROJECT_VERSION = 1;
				DEVELOPMENT_TEAM = CCZFJ54UN4;
				ENABLE_USER_SCRIPT_SANDBOXING = NO;
				GENERATE_INFOPLIST_FILE = YES;
				INFOPLIST_FILE = FoxSwift/Info.plist;
				INFOPLIST_KEY_UIApplicationSupportsIndirectInputEvents = YES;
				INFOPLIST_KEY_UILaunchStoryboardName = LaunchScreen;
				INFOPLIST_KEY_UISupportedInterfaceOrientations_iPad = "UIInterfaceOrientationPortrait UIInterfaceOrientationPortraitUpsideDown UIInterfaceOrientationLandscapeLeft UIInterfaceOrientationLandscapeRight";
				INFOPLIST_KEY_UISupportedInterfaceOrientations_iPhone = "UIInterfaceOrientationPortrait UIInterfaceOrientationLandscapeLeft UIInterfaceOrientationLandscapeRight";
				IPHONEOS_DEPLOYMENT_TARGET = 16.4;
				LD_RUNPATH_SEARCH_PATHS = (
					"$(inherited)",
					"@executable_path/Frameworks",
				);
				MARKETING_VERSION = 1.0;
				PRODUCT_BUNDLE_IDENTIFIER = com.chenshenyi.FoxSwift;
				PRODUCT_NAME = "$(TARGET_NAME)";
				SWIFT_EMIT_LOC_STRINGS = YES;
				SWIFT_VERSION = 5.0;
				TARGETED_DEVICE_FAMILY = "1,2";
			};
			name = Debug;
		};
		2BCB8DD42B011F1600DD4C2F /* Release */ = {
			isa = XCBuildConfiguration;
			baseConfigurationReference = 7F3453DBE42C7CC25625F541 /* Pods-FoxSwift.release.xcconfig */;
			buildSettings = {
				ASSETCATALOG_COMPILER_APPICON_NAME = AppIcon;
				ASSETCATALOG_COMPILER_GLOBAL_ACCENT_COLOR_NAME = AccentColor;
				CODE_SIGN_STYLE = Automatic;
				CURRENT_PROJECT_VERSION = 1;
				DEVELOPMENT_TEAM = CCZFJ54UN4;
				ENABLE_USER_SCRIPT_SANDBOXING = NO;
				GENERATE_INFOPLIST_FILE = YES;
				INFOPLIST_FILE = FoxSwift/Info.plist;
				INFOPLIST_KEY_UIApplicationSupportsIndirectInputEvents = YES;
				INFOPLIST_KEY_UILaunchStoryboardName = LaunchScreen;
				INFOPLIST_KEY_UISupportedInterfaceOrientations_iPad = "UIInterfaceOrientationPortrait UIInterfaceOrientationPortraitUpsideDown UIInterfaceOrientationLandscapeLeft UIInterfaceOrientationLandscapeRight";
				INFOPLIST_KEY_UISupportedInterfaceOrientations_iPhone = "UIInterfaceOrientationPortrait UIInterfaceOrientationLandscapeLeft UIInterfaceOrientationLandscapeRight";
				IPHONEOS_DEPLOYMENT_TARGET = 16.4;
				LD_RUNPATH_SEARCH_PATHS = (
					"$(inherited)",
					"@executable_path/Frameworks",
				);
				MARKETING_VERSION = 1.0;
				PRODUCT_BUNDLE_IDENTIFIER = com.chenshenyi.FoxSwift;
				PRODUCT_NAME = "$(TARGET_NAME)";
				SWIFT_EMIT_LOC_STRINGS = YES;
				SWIFT_VERSION = 5.0;
				TARGETED_DEVICE_FAMILY = "1,2";
			};
			name = Release;
		};
		2BCB8DD62B011F1600DD4C2F /* Debug */ = {
			isa = XCBuildConfiguration;
			baseConfigurationReference = 7794B6A933E85AC6011BA770 /* Pods-FoxSwiftTests.debug.xcconfig */;
			buildSettings = {
				ALWAYS_EMBED_SWIFT_STANDARD_LIBRARIES = YES;
				BUNDLE_LOADER = "$(TEST_HOST)";
				CODE_SIGN_STYLE = Automatic;
				CURRENT_PROJECT_VERSION = 1;
				DEVELOPMENT_TEAM = CCZFJ54UN4;
				GENERATE_INFOPLIST_FILE = YES;
				IPHONEOS_DEPLOYMENT_TARGET = 17.0;
				MARKETING_VERSION = 1.0;
				PRODUCT_BUNDLE_IDENTIFIER = com.chenshenyi.FoxSwiftTests;
				PRODUCT_NAME = "$(TARGET_NAME)";
				SWIFT_EMIT_LOC_STRINGS = NO;
				SWIFT_VERSION = 5.0;
				TARGETED_DEVICE_FAMILY = "1,2";
				TEST_HOST = "$(BUILT_PRODUCTS_DIR)/FoxSwift.app/$(BUNDLE_EXECUTABLE_FOLDER_PATH)/FoxSwift";
			};
			name = Debug;
		};
		2BCB8DD72B011F1600DD4C2F /* Release */ = {
			isa = XCBuildConfiguration;
			baseConfigurationReference = 282CC23D05414AE0E3EA633E /* Pods-FoxSwiftTests.release.xcconfig */;
			buildSettings = {
				ALWAYS_EMBED_SWIFT_STANDARD_LIBRARIES = YES;
				BUNDLE_LOADER = "$(TEST_HOST)";
				CODE_SIGN_STYLE = Automatic;
				CURRENT_PROJECT_VERSION = 1;
				DEVELOPMENT_TEAM = CCZFJ54UN4;
				GENERATE_INFOPLIST_FILE = YES;
				IPHONEOS_DEPLOYMENT_TARGET = 17.0;
				MARKETING_VERSION = 1.0;
				PRODUCT_BUNDLE_IDENTIFIER = com.chenshenyi.FoxSwiftTests;
				PRODUCT_NAME = "$(TARGET_NAME)";
				SWIFT_EMIT_LOC_STRINGS = NO;
				SWIFT_VERSION = 5.0;
				TARGETED_DEVICE_FAMILY = "1,2";
				TEST_HOST = "$(BUILT_PRODUCTS_DIR)/FoxSwift.app/$(BUNDLE_EXECUTABLE_FOLDER_PATH)/FoxSwift";
			};
			name = Release;
		};
		2BCB8DD92B011F1600DD4C2F /* Debug */ = {
			isa = XCBuildConfiguration;
			baseConfigurationReference = B6A7B5B6479A3C264EFD34AE /* Pods-FoxSwift-FoxSwiftUITests.debug.xcconfig */;
			buildSettings = {
				ALWAYS_EMBED_SWIFT_STANDARD_LIBRARIES = YES;
				CODE_SIGN_STYLE = Automatic;
				CURRENT_PROJECT_VERSION = 1;
				DEVELOPMENT_TEAM = CCZFJ54UN4;
				GENERATE_INFOPLIST_FILE = YES;
				MARKETING_VERSION = 1.0;
				PRODUCT_BUNDLE_IDENTIFIER = com.chenshenyi.FoxSwiftUITests;
				PRODUCT_NAME = "$(TARGET_NAME)";
				SWIFT_EMIT_LOC_STRINGS = NO;
				SWIFT_VERSION = 5.0;
				TARGETED_DEVICE_FAMILY = "1,2";
				TEST_TARGET_NAME = FoxSwift;
			};
			name = Debug;
		};
		2BCB8DDA2B011F1600DD4C2F /* Release */ = {
			isa = XCBuildConfiguration;
			baseConfigurationReference = CC8C9CD484F66BE6A3F70C38 /* Pods-FoxSwift-FoxSwiftUITests.release.xcconfig */;
			buildSettings = {
				ALWAYS_EMBED_SWIFT_STANDARD_LIBRARIES = YES;
				CODE_SIGN_STYLE = Automatic;
				CURRENT_PROJECT_VERSION = 1;
				DEVELOPMENT_TEAM = CCZFJ54UN4;
				GENERATE_INFOPLIST_FILE = YES;
				MARKETING_VERSION = 1.0;
				PRODUCT_BUNDLE_IDENTIFIER = com.chenshenyi.FoxSwiftUITests;
				PRODUCT_NAME = "$(TARGET_NAME)";
				SWIFT_EMIT_LOC_STRINGS = NO;
				SWIFT_VERSION = 5.0;
				TARGETED_DEVICE_FAMILY = "1,2";
				TEST_TARGET_NAME = FoxSwift;
			};
			name = Release;
		};
/* End XCBuildConfiguration section */

/* Begin XCConfigurationList section */
		2BCB8DA32B011F1400DD4C2F /* Build configuration list for PBXProject "FoxSwift" */ = {
			isa = XCConfigurationList;
			buildConfigurations = (
				2BCB8DD02B011F1600DD4C2F /* Debug */,
				2BCB8DD12B011F1600DD4C2F /* Release */,
			);
			defaultConfigurationIsVisible = 0;
			defaultConfigurationName = Release;
		};
		2BCB8DD22B011F1600DD4C2F /* Build configuration list for PBXNativeTarget "FoxSwift" */ = {
			isa = XCConfigurationList;
			buildConfigurations = (
				2BCB8DD32B011F1600DD4C2F /* Debug */,
				2BCB8DD42B011F1600DD4C2F /* Release */,
			);
			defaultConfigurationIsVisible = 0;
			defaultConfigurationName = Release;
		};
		2BCB8DD52B011F1600DD4C2F /* Build configuration list for PBXNativeTarget "FoxSwiftTests" */ = {
			isa = XCConfigurationList;
			buildConfigurations = (
				2BCB8DD62B011F1600DD4C2F /* Debug */,
				2BCB8DD72B011F1600DD4C2F /* Release */,
			);
			defaultConfigurationIsVisible = 0;
			defaultConfigurationName = Release;
		};
		2BCB8DD82B011F1600DD4C2F /* Build configuration list for PBXNativeTarget "FoxSwiftUITests" */ = {
			isa = XCConfigurationList;
			buildConfigurations = (
				2BCB8DD92B011F1600DD4C2F /* Debug */,
				2BCB8DDA2B011F1600DD4C2F /* Release */,
			);
			defaultConfigurationIsVisible = 0;
			defaultConfigurationName = Release;
		};
/* End XCConfigurationList section */
	};
	rootObject = 2BCB8DA02B011F1400DD4C2F /* Project object */;
}
