// !$*UTF8*$!
{
	archiveVersion = 1;
	classes = {
	};
	objectVersion = 56;
	objects = {

/* Begin PBXBuildFile section */
		053F6D87BE841895DB81E89A /* Pods_FoxSwiftTests.framework in Frameworks */ = {isa = PBXBuildFile; fileRef = D61F643D2C7C19BA3EE11A86 /* Pods_FoxSwiftTests.framework */; };
		2B04E4472B1F036C0050D4D1 /* ScreenSharedMannager.swift in Sources */ = {isa = PBXBuildFile; fileRef = 2B04E4462B1F036C0050D4D1 /* ScreenSharedMannager.swift */; };
		2B0A27CE2B204386009F4E78 /* ProfileViewModel.swift in Sources */ = {isa = PBXBuildFile; fileRef = 2B0A27CD2B204386009F4E78 /* ProfileViewModel.swift */; };
		2B0A27D02B204391009F4E78 /* ProfileViewController.swift in Sources */ = {isa = PBXBuildFile; fileRef = 2B0A27CF2B204391009F4E78 /* ProfileViewController.swift */; };
		2B0A27D92B219E8F009F4E78 /* UrlRouteManager.swift in Sources */ = {isa = PBXBuildFile; fileRef = 2B0A27D82B219E8F009F4E78 /* UrlRouteManager.swift */; };
		2B1F84812B11C66700136190 /* Message.swift in Sources */ = {isa = PBXBuildFile; fileRef = 2B1F84802B11C66700136190 /* Message.swift */; };
		2B1F84832B11CEF500136190 /* MessageProvider.swift in Sources */ = {isa = PBXBuildFile; fileRef = 2B1F84822B11CEF500136190 /* MessageProvider.swift */; };
		2B1F84892B1229BA00136190 /* FSMessageCell.swift in Sources */ = {isa = PBXBuildFile; fileRef = 2B1F84882B1229BA00136190 /* FSMessageCell.swift */; };
		2B228F882B04C59100539E8A /* Box.swift in Sources */ = {isa = PBXBuildFile; fileRef = 2B228F872B04C59100539E8A /* Box.swift */; };
		2B228F8B2B04C90C00539E8A /* Participant.swift in Sources */ = {isa = PBXBuildFile; fileRef = 2B228F8A2B04C90C00539E8A /* Participant.swift */; };
		2B24FFA92B0374A30000C5A3 /* FSTabBarController.swift in Sources */ = {isa = PBXBuildFile; fileRef = 2B24FFA82B0374A30000C5A3 /* FSTabBarController.swift */; };
		2B24FFAB2B03753F0000C5A3 /* Localizable.swift in Sources */ = {isa = PBXBuildFile; fileRef = 2B24FFAA2B03753F0000C5A3 /* Localizable.swift */; };
		2B25DEAD2B04F19000D3E87A /* MeetingRoomProvider.swift in Sources */ = {isa = PBXBuildFile; fileRef = 2B25DEAC2B04F19000D3E87A /* MeetingRoomProvider.swift */; };
		2B493C802B130FDA00C64382 /* MessageInputView.swift in Sources */ = {isa = PBXBuildFile; fileRef = 2B493C7F2B130FDA00C64382 /* MessageInputView.swift */; };
		2B5AC1652B05BB52007B717C /* Result+Extension.swift in Sources */ = {isa = PBXBuildFile; fileRef = 2B5AC1642B05BB52007B717C /* Result+Extension.swift */; };
		2B5AC1692B0613AF007B717C /* MeetsViewController.swift in Sources */ = {isa = PBXBuildFile; fileRef = 2B5AC1682B0613AF007B717C /* MeetsViewController.swift */; };
		2B61FC942B299C2900AABFB3 /* LoginFlowManager.swift in Sources */ = {isa = PBXBuildFile; fileRef = 2B61FC932B299C2900AABFB3 /* LoginFlowManager.swift */; };
		2B61FC962B29AD7900AABFB3 /* FSLoadingView.swift in Sources */ = {isa = PBXBuildFile; fileRef = 2B61FC952B29AD7900AABFB3 /* FSLoadingView.swift */; };
		2B61FC982B29F7D200AABFB3 /* FSPopup.swift in Sources */ = {isa = PBXBuildFile; fileRef = 2B61FC972B29F7D200AABFB3 /* FSPopup.swift */; };
		2B66F5EC2B0F351400C5C06A /* VideoView.swift in Sources */ = {isa = PBXBuildFile; fileRef = 2B66F5EB2B0F351400C5C06A /* VideoView.swift */; };
		2B66F5EE2B0F397F00C5C06A /* MeetingViewControllerMultiuserMode.swift in Sources */ = {isa = PBXBuildFile; fileRef = 2B66F5ED2B0F397F00C5C06A /* MeetingViewControllerMultiuserMode.swift */; };
		2B66F5F02B0F45AA00C5C06A /* CollectionBox.swift in Sources */ = {isa = PBXBuildFile; fileRef = 2B66F5EF2B0F45AA00C5C06A /* CollectionBox.swift */; };
		2B6E2FA02B22E100009C08D1 /* RecordsViewController.swift in Sources */ = {isa = PBXBuildFile; fileRef = 2B6E2F9F2B22E100009C08D1 /* RecordsViewController.swift */; };
		2B6E2FA32B22E827009C08D1 /* FSMessageViewController.swift in Sources */ = {isa = PBXBuildFile; fileRef = 2B6E2FA22B22E827009C08D1 /* FSMessageViewController.swift */; };
		2B6E2FA52B22F768009C08D1 /* RecordDetailViewController.swift in Sources */ = {isa = PBXBuildFile; fileRef = 2B6E2FA42B22F768009C08D1 /* RecordDetailViewController.swift */; };
		2B6E2FA82B22F873009C08D1 /* FSMeetingTableViewController.swift in Sources */ = {isa = PBXBuildFile; fileRef = 2B6E2FA72B22F873009C08D1 /* FSMeetingTableViewController.swift */; };
		2B6E2FAC2B23F45A009C08D1 /* RecordsViewModel.swift in Sources */ = {isa = PBXBuildFile; fileRef = 2B6E2FAB2B23F45A009C08D1 /* RecordsViewModel.swift */; };
		2B6FF8B92B05ADB800E9C933 /* FirebaseFirestoreWrapper.swift in Sources */ = {isa = PBXBuildFile; fileRef = 2B6FF8B82B05ADB800E9C933 /* FirebaseFirestoreWrapper.swift */; };
		2B7F8E062B26326C005C3085 /* Rule.swift in Sources */ = {isa = PBXBuildFile; fileRef = 2B7F8E052B26326C005C3085 /* Rule.swift */; };
		2B7F8E082B268FE8005C3085 /* FSButton.swift in Sources */ = {isa = PBXBuildFile; fileRef = 2B7F8E072B268FE8005C3085 /* FSButton.swift */; };
		2B86D4312B1D683F00FCBA97 /* FSImageMessageCell.swift in Sources */ = {isa = PBXBuildFile; fileRef = 2B86D4302B1D683F00FCBA97 /* FSImageMessageCell.swift */; };
		2B86D4332B1D695E00FCBA97 /* FSTextMessageCell.swift in Sources */ = {isa = PBXBuildFile; fileRef = 2B86D4322B1D695E00FCBA97 /* FSTextMessageCell.swift */; };
		2B86D4392B1DA76900FCBA97 /* FSMessageCellViewModel.swift in Sources */ = {isa = PBXBuildFile; fileRef = 2B86D4382B1DA76900FCBA97 /* FSMessageCellViewModel.swift */; };
		2B8F9D1F2B0486B4002D9076 /* FSNavigationController.swift in Sources */ = {isa = PBXBuildFile; fileRef = 2B8F9D1E2B0486B4002D9076 /* FSNavigationController.swift */; };
		2B8F9D212B048C10002D9076 /* FSViewController.swift in Sources */ = {isa = PBXBuildFile; fileRef = 2B8F9D202B048C10002D9076 /* FSViewController.swift */; };
		2B9C8B1D2B0C439400F57C90 /* PeerConnectionProvider.swift in Sources */ = {isa = PBXBuildFile; fileRef = 2B9C8B1C2B0C439400F57C90 /* PeerConnectionProvider.swift */; };
		2B9C8B232B0C45CC00F57C90 /* FSWebRTC.swift in Sources */ = {isa = PBXBuildFile; fileRef = 2B9C8B222B0C45CC00F57C90 /* FSWebRTC.swift */; };
		2B9C8B252B0C49D000F57C90 /* PeerConnectionDelegate.swift in Sources */ = {isa = PBXBuildFile; fileRef = 2B9C8B242B0C49D000F57C90 /* PeerConnectionDelegate.swift */; };
		2B9C8B292B0C9EAC00F57C90 /* RTCProviderDelegate.swift in Sources */ = {isa = PBXBuildFile; fileRef = 2B9C8B282B0C9EAC00F57C90 /* RTCProviderDelegate.swift */; };
		2BA0DFA72B28015000C82249 /* JoinMeetViewModel.swift in Sources */ = {isa = PBXBuildFile; fileRef = 2BA0DFA62B28015000C82249 /* JoinMeetViewModel.swift */; };
		2BA0DFAD2B285F2500C82249 /* FSButtonStack.swift in Sources */ = {isa = PBXBuildFile; fileRef = 2BA0DFAC2B285F2500C82249 /* FSButtonStack.swift */; };
		2BA0DFAF2B286A6700C82249 /* Meeting+FSButtonStackDelegate.swift in Sources */ = {isa = PBXBuildFile; fileRef = 2BA0DFAE2B286A6700C82249 /* Meeting+FSButtonStackDelegate.swift */; };
		2BA0EB5B2B079ADB003B8EFE /* UITextField+Extension.swift in Sources */ = {isa = PBXBuildFile; fileRef = 2BA0EB5A2B079ADB003B8EFE /* UITextField+Extension.swift */; };
		2BA0EB5D2B084B0A003B8EFE /* MeetingViewModel.swift in Sources */ = {isa = PBXBuildFile; fileRef = 2BA0EB5C2B084B0A003B8EFE /* MeetingViewModel.swift */; };
		2BA0EB5F2B084D40003B8EFE /* MeetingRoom.swift in Sources */ = {isa = PBXBuildFile; fileRef = 2BA0EB5E2B084D40003B8EFE /* MeetingRoom.swift */; };
		2BA0EB672B0857E3003B8EFE /* MeetingCellViewModel.swift in Sources */ = {isa = PBXBuildFile; fileRef = 2BA0EB662B0857E3003B8EFE /* MeetingCellViewModel.swift */; };
		2BA0EB692B085F01003B8EFE /* MeetingCell.swift in Sources */ = {isa = PBXBuildFile; fileRef = 2BA0EB682B085F01003B8EFE /* MeetingCell.swift */; };
		2BA0EB6F2B086F7F003B8EFE /* UILabel+Box.swift in Sources */ = {isa = PBXBuildFile; fileRef = 2BA0EB6E2B086F7F003B8EFE /* UILabel+Box.swift */; };
		2BA0EB792B08DA75003B8EFE /* SnapKit+UIView.swift in Sources */ = {isa = PBXBuildFile; fileRef = 2BA0EB782B08DA74003B8EFE /* SnapKit+UIView.swift */; };
		2BA0EB7B2B09DD87003B8EFE /* RTCStates.swift in Sources */ = {isa = PBXBuildFile; fileRef = 2BA0EB7A2B09DD87003B8EFE /* RTCStates.swift */; };
		2BA0EB832B0A8A4D003B8EFE /* RTCMessage.swift in Sources */ = {isa = PBXBuildFile; fileRef = 2BA0EB822B0A8A4D003B8EFE /* RTCMessage.swift */; };
		2BA0EB852B0B51A8003B8EFE /* RTCProvider.swift in Sources */ = {isa = PBXBuildFile; fileRef = 2BA0EB842B0B51A8003B8EFE /* RTCProvider.swift */; };
		2BA4D15F2B072DCB00637596 /* ParticipantDetailProvider.swift in Sources */ = {isa = PBXBuildFile; fileRef = 2BA4D15E2B072DCB00637596 /* ParticipantDetailProvider.swift */; };
		2BA4D1652B073CAE00637596 /* SessionDescription.swift in Sources */ = {isa = PBXBuildFile; fileRef = 2BA4D1632B073CAE00637596 /* SessionDescription.swift */; };
		2BA4D1662B073CAE00637596 /* IceCandidate.swift in Sources */ = {isa = PBXBuildFile; fileRef = 2BA4D1642B073CAE00637596 /* IceCandidate.swift */; };
		2BA4D16A2B074EF300637596 /* FSWebRTCConfig.swift in Sources */ = {isa = PBXBuildFile; fileRef = 2BA4D1692B074EF300637596 /* FSWebRTCConfig.swift */; };
		2BA4D16C2B07519200637596 /* MeetingViewController.swift in Sources */ = {isa = PBXBuildFile; fileRef = 2BA4D16B2B07519200637596 /* MeetingViewController.swift */; };
		2BA4D16F2B077EA400637596 /* MeetsViewModel.swift in Sources */ = {isa = PBXBuildFile; fileRef = 2BA4D16E2B077EA400637596 /* MeetsViewModel.swift */; };
		2BBF79C22B26C21C0003602E /* SelectionViewDataSource.swift in Sources */ = {isa = PBXBuildFile; fileRef = 2BBF79BE2B26C21C0003602E /* SelectionViewDataSource.swift */; };
		2BBF79C32B26C21C0003602E /* SelectionView.swift in Sources */ = {isa = PBXBuildFile; fileRef = 2BBF79BF2B26C21C0003602E /* SelectionView.swift */; };
		2BBF79C42B26C21C0003602E /* SelectionVIewDelegate.swift in Sources */ = {isa = PBXBuildFile; fileRef = 2BBF79C02B26C21C0003602E /* SelectionVIewDelegate.swift */; };
		2BBF79C72B26EEAA0003602E /* KeyChainWrapper.swift in Sources */ = {isa = PBXBuildFile; fileRef = 2BBF79C62B26EEAA0003602E /* KeyChainWrapper.swift */; };
		2BBF79CD2B270D630003602E /* MeetingPrepareViewController.swift in Sources */ = {isa = PBXBuildFile; fileRef = 2BBF79CC2B270D630003602E /* MeetingPrepareViewController.swift */; };
		2BBF79CF2B270D720003602E /* MeetingPrepareViewModel.swift in Sources */ = {isa = PBXBuildFile; fileRef = 2BBF79CE2B270D720003602E /* MeetingPrepareViewModel.swift */; };
		2BBF79D12B270F370003602E /* CornerStyle.swift in Sources */ = {isa = PBXBuildFile; fileRef = 2BBF79D02B270F370003602E /* CornerStyle.swift */; };
		2BBF79D42B276C710003602E /* JoinMeetViewController.swift in Sources */ = {isa = PBXBuildFile; fileRef = 2BBF79D32B276C710003602E /* JoinMeetViewController.swift */; };
		2BBF79D62B27F18F0003602E /* GoogleService-Info.plist in Resources */ = {isa = PBXBuildFile; fileRef = 2BBF79D52B27F18F0003602E /* GoogleService-Info.plist */; };
		2BC45BF72B25B74D0005EF7D /* RecordDetailViewModel.swift in Sources */ = {isa = PBXBuildFile; fileRef = 2BC45BF62B25B74D0005EF7D /* RecordDetailViewModel.swift */; };
		2BC45BFA2B2612780005EF7D /* LoginViewController.swift in Sources */ = {isa = PBXBuildFile; fileRef = 2BC45BF92B2612780005EF7D /* LoginViewController.swift */; };
		2BC45BFC2B26130C0005EF7D /* FSTextField.swift in Sources */ = {isa = PBXBuildFile; fileRef = 2BC45BFB2B26130C0005EF7D /* FSTextField.swift */; };
		2BC45BFE2B26145F0005EF7D /* LoginViewModel.swift in Sources */ = {isa = PBXBuildFile; fileRef = 2BC45BFD2B26145F0005EF7D /* LoginViewModel.swift */; };
		2BCB8DAC2B011F1400DD4C2F /* AppDelegate.swift in Sources */ = {isa = PBXBuildFile; fileRef = 2BCB8DAB2B011F1400DD4C2F /* AppDelegate.swift */; };
		2BCB8DAE2B011F1400DD4C2F /* SceneDelegate.swift in Sources */ = {isa = PBXBuildFile; fileRef = 2BCB8DAD2B011F1400DD4C2F /* SceneDelegate.swift */; };
		2BCB8DB52B011F1500DD4C2F /* Assets.xcassets in Resources */ = {isa = PBXBuildFile; fileRef = 2BCB8DB42B011F1500DD4C2F /* Assets.xcassets */; };
		2BCB8DB82B011F1500DD4C2F /* LaunchScreen.storyboard in Resources */ = {isa = PBXBuildFile; fileRef = 2BCB8DB62B011F1500DD4C2F /* LaunchScreen.storyboard */; };
		2BCB8DC32B011F1600DD4C2F /* FoxSwiftTests.swift in Sources */ = {isa = PBXBuildFile; fileRef = 2BCB8DC22B011F1600DD4C2F /* FoxSwiftTests.swift */; };
		2BCB8DCD2B011F1600DD4C2F /* FoxSwiftUITests.swift in Sources */ = {isa = PBXBuildFile; fileRef = 2BCB8DCC2B011F1600DD4C2F /* FoxSwiftUITests.swift */; };
		2BCB8DCF2B011F1600DD4C2F /* FoxSwiftUITestsLaunchTests.swift in Sources */ = {isa = PBXBuildFile; fileRef = 2BCB8DCE2B011F1600DD4C2F /* FoxSwiftUITestsLaunchTests.swift */; };
		2BCB8DE82B012A0900DD4C2F /* UIFont+Extension.swift in Sources */ = {isa = PBXBuildFile; fileRef = 2BCB8DDD2B012A0900DD4C2F /* UIFont+Extension.swift */; };
		2BCB8DE92B012A0900DD4C2F /* UIColor+Extension.swift in Sources */ = {isa = PBXBuildFile; fileRef = 2BCB8DDE2B012A0900DD4C2F /* UIColor+Extension.swift */; };
		2BCB8DEB2B012A0900DD4C2F /* UIButton+Extension.swift in Sources */ = {isa = PBXBuildFile; fileRef = 2BCB8DE02B012A0900DD4C2F /* UIButton+Extension.swift */; };
		2BCB8DED2B012A0900DD4C2F /* String+Extension.swift in Sources */ = {isa = PBXBuildFile; fileRef = 2BCB8DE22B012A0900DD4C2F /* String+Extension.swift */; };
		2BCB8DEE2B012A0900DD4C2F /* UIScreen+Extension.swift in Sources */ = {isa = PBXBuildFile; fileRef = 2BCB8DE32B012A0900DD4C2F /* UIScreen+Extension.swift */; };
		2BCB8DEF2B012A0900DD4C2F /* UICollectionView+Extension.swift in Sources */ = {isa = PBXBuildFile; fileRef = 2BCB8DE42B012A0900DD4C2F /* UICollectionView+Extension.swift */; };
		2BCB8DF02B012A0900DD4C2F /* CGFloat+Extension.swift in Sources */ = {isa = PBXBuildFile; fileRef = 2BCB8DE52B012A0900DD4C2F /* CGFloat+Extension.swift */; };
		2BCB8DF12B012A0900DD4C2F /* UITableView+Extension.swift in Sources */ = {isa = PBXBuildFile; fileRef = 2BCB8DE62B012A0900DD4C2F /* UITableView+Extension.swift */; };
		2BCB8DF22B012A0900DD4C2F /* Array+Extension.swift in Sources */ = {isa = PBXBuildFile; fileRef = 2BCB8DE72B012A0900DD4C2F /* Array+Extension.swift */; };
		2BCB8DF52B012F0400DD4C2F /* Features.md in Resources */ = {isa = PBXBuildFile; fileRef = 2BCB8DF42B012F0400DD4C2F /* Features.md */; };
		2BD8B0F22B10770E001646C5 /* RoundButton.swift in Sources */ = {isa = PBXBuildFile; fileRef = 2BD8B0F12B10770E001646C5 /* RoundButton.swift */; };
		2BEAE6AF2B1324440007180B /* UITextView+Extension.swift in Sources */ = {isa = PBXBuildFile; fileRef = 2BEAE6AE2B1324440007180B /* UITextView+Extension.swift */; };
		2BEAE6B12B1335DD0007180B /* StorageMannager.swift in Sources */ = {isa = PBXBuildFile; fileRef = 2BEAE6B02B1335DD0007180B /* StorageMannager.swift */; };
		2BEAE6B82B142DEE0007180B /* UserProvider.swift in Sources */ = {isa = PBXBuildFile; fileRef = 2BEAE6B72B142DEE0007180B /* UserProvider.swift */; };
		2BEAE6BA2B142E010007180B /* User.swift in Sources */ = {isa = PBXBuildFile; fileRef = 2BEAE6B92B142E010007180B /* User.swift */; };
		2BEAE6BC2B143B830007180B /* Error+Extenision.swift in Sources */ = {isa = PBXBuildFile; fileRef = 2BEAE6BB2B143B830007180B /* Error+Extenision.swift */; };
		2BEAE6BF2B148E3C0007180B /* MessageView.swift in Sources */ = {isa = PBXBuildFile; fileRef = 2BEAE6BE2B148E3C0007180B /* MessageView.swift */; };
		2BEAE6C12B1490330007180B /* MessageViewModel.swift in Sources */ = {isa = PBXBuildFile; fileRef = 2BEAE6C02B1490330007180B /* MessageViewModel.swift */; };
		2BEAE6C32B1498EA0007180B /* MessageHeaderView.swift in Sources */ = {isa = PBXBuildFile; fileRef = 2BEAE6C22B1498EA0007180B /* MessageHeaderView.swift */; };
		2BEAE6C52B15D54C0007180B /* SpeechRecognitionManager.swift in Sources */ = {isa = PBXBuildFile; fileRef = 2BEAE6C42B15D54C0007180B /* SpeechRecognitionManager.swift */; };
		32D0C81EF65366C63FFBC15F /* Pods_FoxSwift.framework in Frameworks */ = {isa = PBXBuildFile; fileRef = 52A02122AD8BC3743044861B /* Pods_FoxSwift.framework */; };
		9D6E0BB2533B01F64E52F69C /* Pods_FoxSwift_FoxSwiftUITests.framework in Frameworks */ = {isa = PBXBuildFile; fileRef = 8A57E96D0D7C870200E2A9F3 /* Pods_FoxSwift_FoxSwiftUITests.framework */; };
/* End PBXBuildFile section */

/* Begin PBXContainerItemProxy section */
		2BCB8DBF2B011F1600DD4C2F /* PBXContainerItemProxy */ = {
			isa = PBXContainerItemProxy;
			containerPortal = 2BCB8DA02B011F1400DD4C2F /* Project object */;
			proxyType = 1;
			remoteGlobalIDString = 2BCB8DA72B011F1400DD4C2F;
			remoteInfo = FoxSwift;
		};
		2BCB8DC92B011F1600DD4C2F /* PBXContainerItemProxy */ = {
			isa = PBXContainerItemProxy;
			containerPortal = 2BCB8DA02B011F1400DD4C2F /* Project object */;
			proxyType = 1;
			remoteGlobalIDString = 2BCB8DA72B011F1400DD4C2F;
			remoteInfo = FoxSwift;
		};
/* End PBXContainerItemProxy section */

/* Begin PBXFileReference section */
		282CC23D05414AE0E3EA633E /* Pods-FoxSwiftTests.release.xcconfig */ = {isa = PBXFileReference; includeInIndex = 1; lastKnownFileType = text.xcconfig; name = "Pods-FoxSwiftTests.release.xcconfig"; path = "Target Support Files/Pods-FoxSwiftTests/Pods-FoxSwiftTests.release.xcconfig"; sourceTree = "<group>"; };
		2B04E4462B1F036C0050D4D1 /* ScreenSharedMannager.swift */ = {isa = PBXFileReference; lastKnownFileType = sourcecode.swift; path = ScreenSharedMannager.swift; sourceTree = "<group>"; };
		2B0A27CD2B204386009F4E78 /* ProfileViewModel.swift */ = {isa = PBXFileReference; lastKnownFileType = sourcecode.swift; path = ProfileViewModel.swift; sourceTree = "<group>"; };
		2B0A27CF2B204391009F4E78 /* ProfileViewController.swift */ = {isa = PBXFileReference; lastKnownFileType = sourcecode.swift; path = ProfileViewController.swift; sourceTree = "<group>"; };
		2B0A27D82B219E8F009F4E78 /* UrlRouteManager.swift */ = {isa = PBXFileReference; lastKnownFileType = sourcecode.swift; path = UrlRouteManager.swift; sourceTree = "<group>"; };
		2B1F84802B11C66700136190 /* Message.swift */ = {isa = PBXFileReference; lastKnownFileType = sourcecode.swift; path = Message.swift; sourceTree = "<group>"; };
		2B1F84822B11CEF500136190 /* MessageProvider.swift */ = {isa = PBXFileReference; lastKnownFileType = sourcecode.swift; path = MessageProvider.swift; sourceTree = "<group>"; };
		2B1F84882B1229BA00136190 /* FSMessageCell.swift */ = {isa = PBXFileReference; lastKnownFileType = sourcecode.swift; path = FSMessageCell.swift; sourceTree = "<group>"; };
		2B228F872B04C59100539E8A /* Box.swift */ = {isa = PBXFileReference; lastKnownFileType = sourcecode.swift; path = Box.swift; sourceTree = "<group>"; };
		2B228F8A2B04C90C00539E8A /* Participant.swift */ = {isa = PBXFileReference; lastKnownFileType = sourcecode.swift; path = Participant.swift; sourceTree = "<group>"; };
		2B24FFA82B0374A30000C5A3 /* FSTabBarController.swift */ = {isa = PBXFileReference; lastKnownFileType = sourcecode.swift; path = FSTabBarController.swift; sourceTree = "<group>"; };
		2B24FFAA2B03753F0000C5A3 /* Localizable.swift */ = {isa = PBXFileReference; lastKnownFileType = sourcecode.swift; path = Localizable.swift; sourceTree = "<group>"; };
		2B25DEAC2B04F19000D3E87A /* MeetingRoomProvider.swift */ = {isa = PBXFileReference; lastKnownFileType = sourcecode.swift; path = MeetingRoomProvider.swift; sourceTree = "<group>"; };
		2B493C7F2B130FDA00C64382 /* MessageInputView.swift */ = {isa = PBXFileReference; lastKnownFileType = sourcecode.swift; path = MessageInputView.swift; sourceTree = "<group>"; };
		2B5AC1642B05BB52007B717C /* Result+Extension.swift */ = {isa = PBXFileReference; lastKnownFileType = sourcecode.swift; path = "Result+Extension.swift"; sourceTree = "<group>"; };
		2B5AC1682B0613AF007B717C /* MeetsViewController.swift */ = {isa = PBXFileReference; lastKnownFileType = sourcecode.swift; path = MeetsViewController.swift; sourceTree = "<group>"; };
		2B61FC932B299C2900AABFB3 /* LoginFlowManager.swift */ = {isa = PBXFileReference; fileEncoding = 4; lastKnownFileType = sourcecode.swift; path = LoginFlowManager.swift; sourceTree = "<group>"; };
		2B61FC952B29AD7900AABFB3 /* FSLoadingView.swift */ = {isa = PBXFileReference; lastKnownFileType = sourcecode.swift; path = FSLoadingView.swift; sourceTree = "<group>"; };
		2B61FC972B29F7D200AABFB3 /* FSPopup.swift */ = {isa = PBXFileReference; lastKnownFileType = sourcecode.swift; path = FSPopup.swift; sourceTree = "<group>"; };
		2B66F5EB2B0F351400C5C06A /* VideoView.swift */ = {isa = PBXFileReference; lastKnownFileType = sourcecode.swift; path = VideoView.swift; sourceTree = "<group>"; };
		2B66F5ED2B0F397F00C5C06A /* MeetingViewControllerMultiuserMode.swift */ = {isa = PBXFileReference; lastKnownFileType = sourcecode.swift; path = MeetingViewControllerMultiuserMode.swift; sourceTree = "<group>"; };
		2B66F5EF2B0F45AA00C5C06A /* CollectionBox.swift */ = {isa = PBXFileReference; lastKnownFileType = sourcecode.swift; path = CollectionBox.swift; sourceTree = "<group>"; };
		2B6E2F9F2B22E100009C08D1 /* RecordsViewController.swift */ = {isa = PBXFileReference; lastKnownFileType = sourcecode.swift; path = RecordsViewController.swift; sourceTree = "<group>"; };
		2B6E2FA22B22E827009C08D1 /* FSMessageViewController.swift */ = {isa = PBXFileReference; lastKnownFileType = sourcecode.swift; path = FSMessageViewController.swift; sourceTree = "<group>"; };
		2B6E2FA42B22F768009C08D1 /* RecordDetailViewController.swift */ = {isa = PBXFileReference; lastKnownFileType = sourcecode.swift; path = RecordDetailViewController.swift; sourceTree = "<group>"; };
		2B6E2FA72B22F873009C08D1 /* FSMeetingTableViewController.swift */ = {isa = PBXFileReference; lastKnownFileType = sourcecode.swift; path = FSMeetingTableViewController.swift; sourceTree = "<group>"; };
		2B6E2FAB2B23F45A009C08D1 /* RecordsViewModel.swift */ = {isa = PBXFileReference; lastKnownFileType = sourcecode.swift; path = RecordsViewModel.swift; sourceTree = "<group>"; };
		2B6FF8B82B05ADB800E9C933 /* FirebaseFirestoreWrapper.swift */ = {isa = PBXFileReference; lastKnownFileType = sourcecode.swift; path = FirebaseFirestoreWrapper.swift; sourceTree = "<group>"; };
		2B7F8E052B26326C005C3085 /* Rule.swift */ = {isa = PBXFileReference; lastKnownFileType = sourcecode.swift; path = Rule.swift; sourceTree = "<group>"; };
		2B7F8E072B268FE8005C3085 /* FSButton.swift */ = {isa = PBXFileReference; lastKnownFileType = sourcecode.swift; path = FSButton.swift; sourceTree = "<group>"; };
		2B86D4302B1D683F00FCBA97 /* FSImageMessageCell.swift */ = {isa = PBXFileReference; lastKnownFileType = sourcecode.swift; path = FSImageMessageCell.swift; sourceTree = "<group>"; };
		2B86D4322B1D695E00FCBA97 /* FSTextMessageCell.swift */ = {isa = PBXFileReference; lastKnownFileType = sourcecode.swift; path = FSTextMessageCell.swift; sourceTree = "<group>"; };
		2B86D4382B1DA76900FCBA97 /* FSMessageCellViewModel.swift */ = {isa = PBXFileReference; fileEncoding = 4; lastKnownFileType = sourcecode.swift; path = FSMessageCellViewModel.swift; sourceTree = "<group>"; };
		2B8F9D1E2B0486B4002D9076 /* FSNavigationController.swift */ = {isa = PBXFileReference; lastKnownFileType = sourcecode.swift; path = FSNavigationController.swift; sourceTree = "<group>"; };
		2B8F9D202B048C10002D9076 /* FSViewController.swift */ = {isa = PBXFileReference; lastKnownFileType = sourcecode.swift; path = FSViewController.swift; sourceTree = "<group>"; };
		2B9C8B1C2B0C439400F57C90 /* PeerConnectionProvider.swift */ = {isa = PBXFileReference; lastKnownFileType = sourcecode.swift; path = PeerConnectionProvider.swift; sourceTree = "<group>"; };
		2B9C8B222B0C45CC00F57C90 /* FSWebRTC.swift */ = {isa = PBXFileReference; lastKnownFileType = sourcecode.swift; path = FSWebRTC.swift; sourceTree = "<group>"; };
		2B9C8B242B0C49D000F57C90 /* PeerConnectionDelegate.swift */ = {isa = PBXFileReference; lastKnownFileType = sourcecode.swift; path = PeerConnectionDelegate.swift; sourceTree = "<group>"; };
		2B9C8B282B0C9EAC00F57C90 /* RTCProviderDelegate.swift */ = {isa = PBXFileReference; lastKnownFileType = sourcecode.swift; path = RTCProviderDelegate.swift; sourceTree = "<group>"; };
		2BA0DFA62B28015000C82249 /* JoinMeetViewModel.swift */ = {isa = PBXFileReference; lastKnownFileType = sourcecode.swift; path = JoinMeetViewModel.swift; sourceTree = "<group>"; };
		2BA0DFAC2B285F2500C82249 /* FSButtonStack.swift */ = {isa = PBXFileReference; lastKnownFileType = sourcecode.swift; path = FSButtonStack.swift; sourceTree = "<group>"; };
		2BA0DFAE2B286A6700C82249 /* Meeting+FSButtonStackDelegate.swift */ = {isa = PBXFileReference; lastKnownFileType = sourcecode.swift; path = "Meeting+FSButtonStackDelegate.swift"; sourceTree = "<group>"; };
		2BA0EB5A2B079ADB003B8EFE /* UITextField+Extension.swift */ = {isa = PBXFileReference; lastKnownFileType = sourcecode.swift; path = "UITextField+Extension.swift"; sourceTree = "<group>"; };
		2BA0EB5C2B084B0A003B8EFE /* MeetingViewModel.swift */ = {isa = PBXFileReference; lastKnownFileType = sourcecode.swift; path = MeetingViewModel.swift; sourceTree = "<group>"; };
		2BA0EB5E2B084D40003B8EFE /* MeetingRoom.swift */ = {isa = PBXFileReference; lastKnownFileType = sourcecode.swift; path = MeetingRoom.swift; sourceTree = "<group>"; };
		2BA0EB662B0857E3003B8EFE /* MeetingCellViewModel.swift */ = {isa = PBXFileReference; lastKnownFileType = sourcecode.swift; path = MeetingCellViewModel.swift; sourceTree = "<group>"; };
		2BA0EB682B085F01003B8EFE /* MeetingCell.swift */ = {isa = PBXFileReference; lastKnownFileType = sourcecode.swift; path = MeetingCell.swift; sourceTree = "<group>"; };
		2BA0EB6E2B086F7F003B8EFE /* UILabel+Box.swift */ = {isa = PBXFileReference; lastKnownFileType = sourcecode.swift; path = "UILabel+Box.swift"; sourceTree = "<group>"; };
		2BA0EB782B08DA74003B8EFE /* SnapKit+UIView.swift */ = {isa = PBXFileReference; lastKnownFileType = sourcecode.swift; path = "SnapKit+UIView.swift"; sourceTree = "<group>"; };
		2BA0EB7A2B09DD87003B8EFE /* RTCStates.swift */ = {isa = PBXFileReference; fileEncoding = 4; lastKnownFileType = sourcecode.swift; path = RTCStates.swift; sourceTree = "<group>"; };
		2BA0EB822B0A8A4D003B8EFE /* RTCMessage.swift */ = {isa = PBXFileReference; lastKnownFileType = sourcecode.swift; path = RTCMessage.swift; sourceTree = "<group>"; };
		2BA0EB842B0B51A8003B8EFE /* RTCProvider.swift */ = {isa = PBXFileReference; lastKnownFileType = sourcecode.swift; path = RTCProvider.swift; sourceTree = "<group>"; };
		2BA4D15E2B072DCB00637596 /* ParticipantDetailProvider.swift */ = {isa = PBXFileReference; lastKnownFileType = sourcecode.swift; path = ParticipantDetailProvider.swift; sourceTree = "<group>"; };
		2BA4D1632B073CAE00637596 /* SessionDescription.swift */ = {isa = PBXFileReference; fileEncoding = 4; lastKnownFileType = sourcecode.swift; path = SessionDescription.swift; sourceTree = "<group>"; };
		2BA4D1642B073CAE00637596 /* IceCandidate.swift */ = {isa = PBXFileReference; fileEncoding = 4; lastKnownFileType = sourcecode.swift; path = IceCandidate.swift; sourceTree = "<group>"; };
		2BA4D1692B074EF300637596 /* FSWebRTCConfig.swift */ = {isa = PBXFileReference; fileEncoding = 4; lastKnownFileType = sourcecode.swift; path = FSWebRTCConfig.swift; sourceTree = "<group>"; };
		2BA4D16B2B07519200637596 /* MeetingViewController.swift */ = {isa = PBXFileReference; lastKnownFileType = sourcecode.swift; path = MeetingViewController.swift; sourceTree = "<group>"; };
		2BA4D16E2B077EA400637596 /* MeetsViewModel.swift */ = {isa = PBXFileReference; lastKnownFileType = sourcecode.swift; path = MeetsViewModel.swift; sourceTree = "<group>"; };
		2BBF79BE2B26C21C0003602E /* SelectionViewDataSource.swift */ = {isa = PBXFileReference; fileEncoding = 4; lastKnownFileType = sourcecode.swift; path = SelectionViewDataSource.swift; sourceTree = "<group>"; };
		2BBF79BF2B26C21C0003602E /* SelectionView.swift */ = {isa = PBXFileReference; fileEncoding = 4; lastKnownFileType = sourcecode.swift; path = SelectionView.swift; sourceTree = "<group>"; };
		2BBF79C02B26C21C0003602E /* SelectionVIewDelegate.swift */ = {isa = PBXFileReference; fileEncoding = 4; lastKnownFileType = sourcecode.swift; path = SelectionVIewDelegate.swift; sourceTree = "<group>"; };
		2BBF79C62B26EEAA0003602E /* KeyChainWrapper.swift */ = {isa = PBXFileReference; lastKnownFileType = sourcecode.swift; path = KeyChainWrapper.swift; sourceTree = "<group>"; };
		2BBF79CC2B270D630003602E /* MeetingPrepareViewController.swift */ = {isa = PBXFileReference; lastKnownFileType = sourcecode.swift; path = MeetingPrepareViewController.swift; sourceTree = "<group>"; };
		2BBF79CE2B270D720003602E /* MeetingPrepareViewModel.swift */ = {isa = PBXFileReference; lastKnownFileType = sourcecode.swift; path = MeetingPrepareViewModel.swift; sourceTree = "<group>"; };
		2BBF79D02B270F370003602E /* CornerStyle.swift */ = {isa = PBXFileReference; lastKnownFileType = sourcecode.swift; path = CornerStyle.swift; sourceTree = "<group>"; };
		2BBF79D32B276C710003602E /* JoinMeetViewController.swift */ = {isa = PBXFileReference; lastKnownFileType = sourcecode.swift; path = JoinMeetViewController.swift; sourceTree = "<group>"; };
		2BBF79D52B27F18F0003602E /* GoogleService-Info.plist */ = {isa = PBXFileReference; fileEncoding = 4; lastKnownFileType = text.plist.xml; path = "GoogleService-Info.plist"; sourceTree = "<group>"; };
		2BC45BF62B25B74D0005EF7D /* RecordDetailViewModel.swift */ = {isa = PBXFileReference; lastKnownFileType = sourcecode.swift; path = RecordDetailViewModel.swift; sourceTree = "<group>"; };
		2BC45BF92B2612780005EF7D /* LoginViewController.swift */ = {isa = PBXFileReference; lastKnownFileType = sourcecode.swift; path = LoginViewController.swift; sourceTree = "<group>"; };
		2BC45BFB2B26130C0005EF7D /* FSTextField.swift */ = {isa = PBXFileReference; lastKnownFileType = sourcecode.swift; path = FSTextField.swift; sourceTree = "<group>"; };
		2BC45BFD2B26145F0005EF7D /* LoginViewModel.swift */ = {isa = PBXFileReference; lastKnownFileType = sourcecode.swift; path = LoginViewModel.swift; sourceTree = "<group>"; };
		2BCB8DA82B011F1400DD4C2F /* FoxSwift.app */ = {isa = PBXFileReference; explicitFileType = wrapper.application; includeInIndex = 0; path = FoxSwift.app; sourceTree = BUILT_PRODUCTS_DIR; };
		2BCB8DAB2B011F1400DD4C2F /* AppDelegate.swift */ = {isa = PBXFileReference; lastKnownFileType = sourcecode.swift; path = AppDelegate.swift; sourceTree = "<group>"; };
		2BCB8DAD2B011F1400DD4C2F /* SceneDelegate.swift */ = {isa = PBXFileReference; lastKnownFileType = sourcecode.swift; path = SceneDelegate.swift; sourceTree = "<group>"; };
		2BCB8DB42B011F1500DD4C2F /* Assets.xcassets */ = {isa = PBXFileReference; lastKnownFileType = folder.assetcatalog; path = Assets.xcassets; sourceTree = "<group>"; };
		2BCB8DB72B011F1500DD4C2F /* Base */ = {isa = PBXFileReference; lastKnownFileType = file.storyboard; name = Base; path = Base.lproj/LaunchScreen.storyboard; sourceTree = "<group>"; };
		2BCB8DB92B011F1500DD4C2F /* Info.plist */ = {isa = PBXFileReference; lastKnownFileType = text.plist.xml; path = Info.plist; sourceTree = "<group>"; };
		2BCB8DBE2B011F1600DD4C2F /* FoxSwiftTests.xctest */ = {isa = PBXFileReference; explicitFileType = wrapper.cfbundle; includeInIndex = 0; path = FoxSwiftTests.xctest; sourceTree = BUILT_PRODUCTS_DIR; };
		2BCB8DC22B011F1600DD4C2F /* FoxSwiftTests.swift */ = {isa = PBXFileReference; lastKnownFileType = sourcecode.swift; path = FoxSwiftTests.swift; sourceTree = "<group>"; };
		2BCB8DC82B011F1600DD4C2F /* FoxSwiftUITests.xctest */ = {isa = PBXFileReference; explicitFileType = wrapper.cfbundle; includeInIndex = 0; path = FoxSwiftUITests.xctest; sourceTree = BUILT_PRODUCTS_DIR; };
		2BCB8DCC2B011F1600DD4C2F /* FoxSwiftUITests.swift */ = {isa = PBXFileReference; lastKnownFileType = sourcecode.swift; path = FoxSwiftUITests.swift; sourceTree = "<group>"; };
		2BCB8DCE2B011F1600DD4C2F /* FoxSwiftUITestsLaunchTests.swift */ = {isa = PBXFileReference; lastKnownFileType = sourcecode.swift; path = FoxSwiftUITestsLaunchTests.swift; sourceTree = "<group>"; };
		2BCB8DDD2B012A0900DD4C2F /* UIFont+Extension.swift */ = {isa = PBXFileReference; fileEncoding = 4; lastKnownFileType = sourcecode.swift; path = "UIFont+Extension.swift"; sourceTree = "<group>"; };
		2BCB8DDE2B012A0900DD4C2F /* UIColor+Extension.swift */ = {isa = PBXFileReference; fileEncoding = 4; lastKnownFileType = sourcecode.swift; path = "UIColor+Extension.swift"; sourceTree = "<group>"; };
		2BCB8DE02B012A0900DD4C2F /* UIButton+Extension.swift */ = {isa = PBXFileReference; fileEncoding = 4; lastKnownFileType = sourcecode.swift; path = "UIButton+Extension.swift"; sourceTree = "<group>"; };
		2BCB8DE22B012A0900DD4C2F /* String+Extension.swift */ = {isa = PBXFileReference; fileEncoding = 4; lastKnownFileType = sourcecode.swift; path = "String+Extension.swift"; sourceTree = "<group>"; };
		2BCB8DE32B012A0900DD4C2F /* UIScreen+Extension.swift */ = {isa = PBXFileReference; fileEncoding = 4; lastKnownFileType = sourcecode.swift; path = "UIScreen+Extension.swift"; sourceTree = "<group>"; };
		2BCB8DE42B012A0900DD4C2F /* UICollectionView+Extension.swift */ = {isa = PBXFileReference; fileEncoding = 4; lastKnownFileType = sourcecode.swift; path = "UICollectionView+Extension.swift"; sourceTree = "<group>"; };
		2BCB8DE52B012A0900DD4C2F /* CGFloat+Extension.swift */ = {isa = PBXFileReference; fileEncoding = 4; lastKnownFileType = sourcecode.swift; path = "CGFloat+Extension.swift"; sourceTree = "<group>"; };
		2BCB8DE62B012A0900DD4C2F /* UITableView+Extension.swift */ = {isa = PBXFileReference; fileEncoding = 4; lastKnownFileType = sourcecode.swift; path = "UITableView+Extension.swift"; sourceTree = "<group>"; };
		2BCB8DE72B012A0900DD4C2F /* Array+Extension.swift */ = {isa = PBXFileReference; fileEncoding = 4; lastKnownFileType = sourcecode.swift; path = "Array+Extension.swift"; sourceTree = "<group>"; };
		2BCB8DF42B012F0400DD4C2F /* Features.md */ = {isa = PBXFileReference; lastKnownFileType = net.daringfireball.markdown; path = Features.md; sourceTree = "<group>"; };
		2BD8B0F12B10770E001646C5 /* RoundButton.swift */ = {isa = PBXFileReference; lastKnownFileType = sourcecode.swift; path = RoundButton.swift; sourceTree = "<group>"; };
		2BEAE6AE2B1324440007180B /* UITextView+Extension.swift */ = {isa = PBXFileReference; lastKnownFileType = sourcecode.swift; path = "UITextView+Extension.swift"; sourceTree = "<group>"; };
		2BEAE6B02B1335DD0007180B /* StorageMannager.swift */ = {isa = PBXFileReference; lastKnownFileType = sourcecode.swift; path = StorageMannager.swift; sourceTree = "<group>"; };
		2BEAE6B72B142DEE0007180B /* UserProvider.swift */ = {isa = PBXFileReference; lastKnownFileType = sourcecode.swift; path = UserProvider.swift; sourceTree = "<group>"; };
		2BEAE6B92B142E010007180B /* User.swift */ = {isa = PBXFileReference; lastKnownFileType = sourcecode.swift; path = User.swift; sourceTree = "<group>"; };
		2BEAE6BB2B143B830007180B /* Error+Extenision.swift */ = {isa = PBXFileReference; lastKnownFileType = sourcecode.swift; path = "Error+Extenision.swift"; sourceTree = "<group>"; };
		2BEAE6BE2B148E3C0007180B /* MessageView.swift */ = {isa = PBXFileReference; lastKnownFileType = sourcecode.swift; path = MessageView.swift; sourceTree = "<group>"; };
		2BEAE6C02B1490330007180B /* MessageViewModel.swift */ = {isa = PBXFileReference; lastKnownFileType = sourcecode.swift; path = MessageViewModel.swift; sourceTree = "<group>"; };
		2BEAE6C22B1498EA0007180B /* MessageHeaderView.swift */ = {isa = PBXFileReference; lastKnownFileType = sourcecode.swift; path = MessageHeaderView.swift; sourceTree = "<group>"; };
		2BEAE6C42B15D54C0007180B /* SpeechRecognitionManager.swift */ = {isa = PBXFileReference; lastKnownFileType = sourcecode.swift; path = SpeechRecognitionManager.swift; sourceTree = "<group>"; };
		52A02122AD8BC3743044861B /* Pods_FoxSwift.framework */ = {isa = PBXFileReference; explicitFileType = wrapper.framework; includeInIndex = 0; path = Pods_FoxSwift.framework; sourceTree = BUILT_PRODUCTS_DIR; };
		698C76CEA958F27B657066EC /* Pods-FoxSwift.debug.xcconfig */ = {isa = PBXFileReference; includeInIndex = 1; lastKnownFileType = text.xcconfig; name = "Pods-FoxSwift.debug.xcconfig"; path = "Target Support Files/Pods-FoxSwift/Pods-FoxSwift.debug.xcconfig"; sourceTree = "<group>"; };
		7794B6A933E85AC6011BA770 /* Pods-FoxSwiftTests.debug.xcconfig */ = {isa = PBXFileReference; includeInIndex = 1; lastKnownFileType = text.xcconfig; name = "Pods-FoxSwiftTests.debug.xcconfig"; path = "Target Support Files/Pods-FoxSwiftTests/Pods-FoxSwiftTests.debug.xcconfig"; sourceTree = "<group>"; };
		7F3453DBE42C7CC25625F541 /* Pods-FoxSwift.release.xcconfig */ = {isa = PBXFileReference; includeInIndex = 1; lastKnownFileType = text.xcconfig; name = "Pods-FoxSwift.release.xcconfig"; path = "Target Support Files/Pods-FoxSwift/Pods-FoxSwift.release.xcconfig"; sourceTree = "<group>"; };
		8A57E96D0D7C870200E2A9F3 /* Pods_FoxSwift_FoxSwiftUITests.framework */ = {isa = PBXFileReference; explicitFileType = wrapper.framework; includeInIndex = 0; path = Pods_FoxSwift_FoxSwiftUITests.framework; sourceTree = BUILT_PRODUCTS_DIR; };
		B6A7B5B6479A3C264EFD34AE /* Pods-FoxSwift-FoxSwiftUITests.debug.xcconfig */ = {isa = PBXFileReference; includeInIndex = 1; lastKnownFileType = text.xcconfig; name = "Pods-FoxSwift-FoxSwiftUITests.debug.xcconfig"; path = "Target Support Files/Pods-FoxSwift-FoxSwiftUITests/Pods-FoxSwift-FoxSwiftUITests.debug.xcconfig"; sourceTree = "<group>"; };
		CC8C9CD484F66BE6A3F70C38 /* Pods-FoxSwift-FoxSwiftUITests.release.xcconfig */ = {isa = PBXFileReference; includeInIndex = 1; lastKnownFileType = text.xcconfig; name = "Pods-FoxSwift-FoxSwiftUITests.release.xcconfig"; path = "Target Support Files/Pods-FoxSwift-FoxSwiftUITests/Pods-FoxSwift-FoxSwiftUITests.release.xcconfig"; sourceTree = "<group>"; };
		D61F643D2C7C19BA3EE11A86 /* Pods_FoxSwiftTests.framework */ = {isa = PBXFileReference; explicitFileType = wrapper.framework; includeInIndex = 0; path = Pods_FoxSwiftTests.framework; sourceTree = BUILT_PRODUCTS_DIR; };
/* End PBXFileReference section */

/* Begin PBXFrameworksBuildPhase section */
		2BCB8DA52B011F1400DD4C2F /* Frameworks */ = {
			isa = PBXFrameworksBuildPhase;
			buildActionMask = 2147483647;
			files = (
				32D0C81EF65366C63FFBC15F /* Pods_FoxSwift.framework in Frameworks */,
			);
			runOnlyForDeploymentPostprocessing = 0;
		};
		2BCB8DBB2B011F1600DD4C2F /* Frameworks */ = {
			isa = PBXFrameworksBuildPhase;
			buildActionMask = 2147483647;
			files = (
				053F6D87BE841895DB81E89A /* Pods_FoxSwiftTests.framework in Frameworks */,
			);
			runOnlyForDeploymentPostprocessing = 0;
		};
		2BCB8DC52B011F1600DD4C2F /* Frameworks */ = {
			isa = PBXFrameworksBuildPhase;
			buildActionMask = 2147483647;
			files = (
				9D6E0BB2533B01F64E52F69C /* Pods_FoxSwift_FoxSwiftUITests.framework in Frameworks */,
			);
			runOnlyForDeploymentPostprocessing = 0;
		};
/* End PBXFrameworksBuildPhase section */

/* Begin PBXGroup section */
		2B0A27CC2B204302009F4E78 /* Profile */ = {
			isa = PBXGroup;
			children = (
				2B0A27CD2B204386009F4E78 /* ProfileViewModel.swift */,
				2B0A27CF2B204391009F4E78 /* ProfileViewController.swift */,
			);
			path = Profile;
			sourceTree = "<group>";
		};
		2B0A27D72B219E56009F4E78 /* Router */ = {
			isa = PBXGroup;
			children = (
				2B0A27D82B219E8F009F4E78 /* UrlRouteManager.swift */,
				2B61FC932B299C2900AABFB3 /* LoginFlowManager.swift */,
			);
			path = Router;
			sourceTree = "<group>";
		};
		2B228F892B04C5BD00539E8A /* Utilities */ = {
			isa = PBXGroup;
			children = (
				2B228F872B04C59100539E8A /* Box.swift */,
				2B66F5EF2B0F45AA00C5C06A /* CollectionBox.swift */,
				2BA0EB6E2B086F7F003B8EFE /* UILabel+Box.swift */,
			);
			path = Utilities;
			sourceTree = "<group>";
		};
		2B24FFA02B03734B0000C5A3 /* Model */ = {
			isa = PBXGroup;
			children = (
				2BA4D1622B073C9300637596 /* WebRTC */,
				2B228F8A2B04C90C00539E8A /* Participant.swift */,
				2B24FFAA2B03753F0000C5A3 /* Localizable.swift */,
				2BA0EB5E2B084D40003B8EFE /* MeetingRoom.swift */,
				2B1F84802B11C66700136190 /* Message.swift */,
				2BEAE6B92B142E010007180B /* User.swift */,
			);
			path = Model;
			sourceTree = "<group>";
		};
		2B24FFA12B03738E0000C5A3 /* Network */ = {
			isa = PBXGroup;
			children = (
				2BA4D16D2B077C0E00637596 /* Config */,
				2B9C8B1E2B0C44ED00F57C90 /* WebRTC */,
				2B9C8B212B0C454B00F57C90 /* FirebaseFirestore */,
				2BEAE6C42B15D54C0007180B /* SpeechRecognitionManager.swift */,
			);
			path = Network;
			sourceTree = "<group>";
		};
		2B24FFA22B03739A0000C5A3 /* View */ = {
			isa = PBXGroup;
			children = (
				2B24FFA62B0374140000C5A3 /* Base */,
				2BC45BF82B2612630005EF7D /* Login */,
				2B24FFA52B0374000000C5A3 /* Meets */,
				2BBF79CB2B270D3F0003602E /* MeetingPrepare */,
				2BBF79D22B276C320003602E /* JoinMeet */,
				2B66F5F12B0F53C900C5C06A /* Meetnig */,
				2B6E2F9E2B22E0DA009C08D1 /* Records */,
				2B0A27CC2B204302009F4E78 /* Profile */,
			);
			path = View;
			sourceTree = "<group>";
		};
		2B24FFA52B0374000000C5A3 /* Meets */ = {
			isa = PBXGroup;
			children = (
				2BA4D16E2B077EA400637596 /* MeetsViewModel.swift */,
				2B5AC1682B0613AF007B717C /* MeetsViewController.swift */,
			);
			path = Meets;
			sourceTree = "<group>";
		};
		2B24FFA62B0374140000C5A3 /* Base */ = {
			isa = PBXGroup;
			children = (
				2BA0EB752B08AEF7003B8EFE /* Component */,
				2B24FFA82B0374A30000C5A3 /* FSTabBarController.swift */,
				2B8F9D1E2B0486B4002D9076 /* FSNavigationController.swift */,
				2B8F9D202B048C10002D9076 /* FSViewController.swift */,
				2B6E2FA62B22F859009C08D1 /* Meets */,
				2B6E2FA12B22E800009C08D1 /* Messages */,
			);
			path = Base;
			sourceTree = "<group>";
		};
		2B24FFA72B0374470000C5A3 /* ThirdPartyWrapper */ = {
			isa = PBXGroup;
			children = (
				2B6FF8B82B05ADB800E9C933 /* FirebaseFirestoreWrapper.swift */,
				2BEAE6B02B1335DD0007180B /* StorageMannager.swift */,
				2BA0EB782B08DA74003B8EFE /* SnapKit+UIView.swift */,
				2BBF79C62B26EEAA0003602E /* KeyChainWrapper.swift */,
			);
			path = ThirdPartyWrapper;
			sourceTree = "<group>";
		};
		2B66F5F12B0F53C900C5C06A /* Meetnig */ = {
			isa = PBXGroup;
			children = (
				2BEAE6B52B142CAB0007180B /* ViewController */,
				2BEAE6BD2B148E290007180B /* MessageView */,
				2B66F5EB2B0F351400C5C06A /* VideoView.swift */,
			);
			path = Meetnig;
			sourceTree = "<group>";
		};
		2B6E2F9E2B22E0DA009C08D1 /* Records */ = {
			isa = PBXGroup;
			children = (
				2B6E2FAB2B23F45A009C08D1 /* RecordsViewModel.swift */,
				2B6E2F9F2B22E100009C08D1 /* RecordsViewController.swift */,
				2BC45BF62B25B74D0005EF7D /* RecordDetailViewModel.swift */,
				2B6E2FA42B22F768009C08D1 /* RecordDetailViewController.swift */,
			);
			path = Records;
			sourceTree = "<group>";
		};
		2B6E2FA12B22E800009C08D1 /* Messages */ = {
			isa = PBXGroup;
			children = (
				2B6E2FA22B22E827009C08D1 /* FSMessageViewController.swift */,
				2BEAE6B62B142CC90007180B /* MessageCell */,
			);
			path = Messages;
			sourceTree = "<group>";
		};
		2B6E2FA62B22F859009C08D1 /* Meets */ = {
			isa = PBXGroup;
			children = (
				2B6E2FA72B22F873009C08D1 /* FSMeetingTableViewController.swift */,
				2BEAE6B42B142C7F0007180B /* MeetingCell */,
			);
			path = Meets;
			sourceTree = "<group>";
		};
		2B9C8B1E2B0C44ED00F57C90 /* WebRTC */ = {
			isa = PBXGroup;
			children = (
				2B9C8B222B0C45CC00F57C90 /* FSWebRTC.swift */,
				2BA0EB842B0B51A8003B8EFE /* RTCProvider.swift */,
				2B9C8B282B0C9EAC00F57C90 /* RTCProviderDelegate.swift */,
				2B04E4462B1F036C0050D4D1 /* ScreenSharedMannager.swift */,
				2B9C8B1C2B0C439400F57C90 /* PeerConnectionProvider.swift */,
				2B9C8B242B0C49D000F57C90 /* PeerConnectionDelegate.swift */,
			);
			path = WebRTC;
			sourceTree = "<group>";
		};
		2B9C8B212B0C454B00F57C90 /* FirebaseFirestore */ = {
			isa = PBXGroup;
			children = (
				2B25DEAC2B04F19000D3E87A /* MeetingRoomProvider.swift */,
				2BA4D15E2B072DCB00637596 /* ParticipantDetailProvider.swift */,
				2B1F84822B11CEF500136190 /* MessageProvider.swift */,
				2BEAE6B72B142DEE0007180B /* UserProvider.swift */,
			);
			path = FirebaseFirestore;
			sourceTree = "<group>";
		};
		2BA0EB752B08AEF7003B8EFE /* Component */ = {
			isa = PBXGroup;
			children = (
				2BBF79BD2B26C21C0003602E /* SelectionView */,
				2BD8B0F12B10770E001646C5 /* RoundButton.swift */,
				2BBF79D02B270F370003602E /* CornerStyle.swift */,
				2BC45BFB2B26130C0005EF7D /* FSTextField.swift */,
				2B7F8E072B268FE8005C3085 /* FSButton.swift */,
				2BA0DFAC2B285F2500C82249 /* FSButtonStack.swift */,
				2B61FC952B29AD7900AABFB3 /* FSLoadingView.swift */,
				2B61FC972B29F7D200AABFB3 /* FSPopup.swift */,
			);
			path = Component;
			sourceTree = "<group>";
		};
		2BA4D1622B073C9300637596 /* WebRTC */ = {
			isa = PBXGroup;
			children = (
				2BA0EB7A2B09DD87003B8EFE /* RTCStates.swift */,
				2BA4D1642B073CAE00637596 /* IceCandidate.swift */,
				2BA4D1632B073CAE00637596 /* SessionDescription.swift */,
				2BA0EB822B0A8A4D003B8EFE /* RTCMessage.swift */,
			);
			path = WebRTC;
			sourceTree = "<group>";
		};
		2BA4D16D2B077C0E00637596 /* Config */ = {
			isa = PBXGroup;
			children = (
				2BA4D1692B074EF300637596 /* FSWebRTCConfig.swift */,
			);
			path = Config;
			sourceTree = "<group>";
		};
		2BBF79BD2B26C21C0003602E /* SelectionView */ = {
			isa = PBXGroup;
			children = (
				2BBF79BF2B26C21C0003602E /* SelectionView.swift */,
				2BBF79BE2B26C21C0003602E /* SelectionViewDataSource.swift */,
				2BBF79C02B26C21C0003602E /* SelectionVIewDelegate.swift */,
			);
			path = SelectionView;
			sourceTree = "<group>";
		};
		2BBF79CB2B270D3F0003602E /* MeetingPrepare */ = {
			isa = PBXGroup;
			children = (
				2BBF79CE2B270D720003602E /* MeetingPrepareViewModel.swift */,
				2BBF79CC2B270D630003602E /* MeetingPrepareViewController.swift */,
			);
			path = MeetingPrepare;
			sourceTree = "<group>";
		};
		2BBF79D22B276C320003602E /* JoinMeet */ = {
			isa = PBXGroup;
			children = (
				2BA0DFA62B28015000C82249 /* JoinMeetViewModel.swift */,
				2BBF79D32B276C710003602E /* JoinMeetViewController.swift */,
			);
			path = JoinMeet;
			sourceTree = "<group>";
		};
		2BC45BF82B2612630005EF7D /* Login */ = {
			isa = PBXGroup;
			children = (
				2B7F8E052B26326C005C3085 /* Rule.swift */,
				2BC45BFD2B26145F0005EF7D /* LoginViewModel.swift */,
				2BC45BF92B2612780005EF7D /* LoginViewController.swift */,
			);
			path = Login;
			sourceTree = "<group>";
		};
		2BCB8D9F2B011F1400DD4C2F = {
			isa = PBXGroup;
			children = (
				2BCB8DAA2B011F1400DD4C2F /* FoxSwift */,
				2BCB8DC12B011F1600DD4C2F /* FoxSwiftTests */,
				2BCB8DCB2B011F1600DD4C2F /* FoxSwiftUITests */,
				2BCB8DA92B011F1400DD4C2F /* Products */,
				E28C46BF9D8CDE364E0A0B5C /* Pods */,
				9227D149F915E58D7BB970E4 /* Frameworks */,
			);
			sourceTree = "<group>";
		};
		2BCB8DA92B011F1400DD4C2F /* Products */ = {
			isa = PBXGroup;
			children = (
				2BCB8DA82B011F1400DD4C2F /* FoxSwift.app */,
				2BCB8DBE2B011F1600DD4C2F /* FoxSwiftTests.xctest */,
				2BCB8DC82B011F1600DD4C2F /* FoxSwiftUITests.xctest */,
			);
			name = Products;
			sourceTree = "<group>";
		};
		2BCB8DAA2B011F1400DD4C2F /* FoxSwift */ = {
			isa = PBXGroup;
			children = (
				2BCB8DF32B012EF000DD4C2F /* Docs */,
				2BCB8DDC2B012A0900DD4C2F /* Extensions */,
				2B228F892B04C5BD00539E8A /* Utilities */,
				2BCB8DAB2B011F1400DD4C2F /* AppDelegate.swift */,
				2BCB8DAD2B011F1400DD4C2F /* SceneDelegate.swift */,
				2B24FFA72B0374470000C5A3 /* ThirdPartyWrapper */,
				2B24FFA12B03738E0000C5A3 /* Network */,
				2B0A27D72B219E56009F4E78 /* Router */,
				2B24FFA02B03734B0000C5A3 /* Model */,
				2B24FFA22B03739A0000C5A3 /* View */,
				2BCB8DB42B011F1500DD4C2F /* Assets.xcassets */,
				2BCB8DB62B011F1500DD4C2F /* LaunchScreen.storyboard */,
				2BBF79D52B27F18F0003602E /* GoogleService-Info.plist */,
				2BCB8DB92B011F1500DD4C2F /* Info.plist */,
			);
			path = FoxSwift;
			sourceTree = "<group>";
		};
		2BCB8DC12B011F1600DD4C2F /* FoxSwiftTests */ = {
			isa = PBXGroup;
			children = (
				2BCB8DC22B011F1600DD4C2F /* FoxSwiftTests.swift */,
			);
			path = FoxSwiftTests;
			sourceTree = "<group>";
		};
		2BCB8DCB2B011F1600DD4C2F /* FoxSwiftUITests */ = {
			isa = PBXGroup;
			children = (
				2BCB8DCC2B011F1600DD4C2F /* FoxSwiftUITests.swift */,
				2BCB8DCE2B011F1600DD4C2F /* FoxSwiftUITestsLaunchTests.swift */,
			);
			path = FoxSwiftUITests;
			sourceTree = "<group>";
		};
		2BCB8DDC2B012A0900DD4C2F /* Extensions */ = {
			isa = PBXGroup;
			children = (
				2BCB8DE52B012A0900DD4C2F /* CGFloat+Extension.swift */,
				2BCB8DE72B012A0900DD4C2F /* Array+Extension.swift */,
				2BCB8DE22B012A0900DD4C2F /* String+Extension.swift */,
				2B5AC1642B05BB52007B717C /* Result+Extension.swift */,
				2BEAE6BB2B143B830007180B /* Error+Extenision.swift */,
				2BCB8DDD2B012A0900DD4C2F /* UIFont+Extension.swift */,
				2BCB8DDE2B012A0900DD4C2F /* UIColor+Extension.swift */,
				2BCB8DE32B012A0900DD4C2F /* UIScreen+Extension.swift */,
				2BCB8DE02B012A0900DD4C2F /* UIButton+Extension.swift */,
				2BA0EB5A2B079ADB003B8EFE /* UITextField+Extension.swift */,
				2BEAE6AE2B1324440007180B /* UITextView+Extension.swift */,
				2BCB8DE62B012A0900DD4C2F /* UITableView+Extension.swift */,
				2BCB8DE42B012A0900DD4C2F /* UICollectionView+Extension.swift */,
			);
			path = Extensions;
			sourceTree = "<group>";
		};
		2BCB8DF32B012EF000DD4C2F /* Docs */ = {
			isa = PBXGroup;
			children = (
				2BCB8DF42B012F0400DD4C2F /* Features.md */,
			);
			path = Docs;
			sourceTree = "<group>";
		};
		2BEAE6B42B142C7F0007180B /* MeetingCell */ = {
			isa = PBXGroup;
			children = (
				2BA0EB662B0857E3003B8EFE /* MeetingCellViewModel.swift */,
				2BA0EB682B085F01003B8EFE /* MeetingCell.swift */,
			);
			path = MeetingCell;
			sourceTree = "<group>";
		};
		2BEAE6B52B142CAB0007180B /* ViewController */ = {
			isa = PBXGroup;
			children = (
				2BA0EB5C2B084B0A003B8EFE /* MeetingViewModel.swift */,
				2BA4D16B2B07519200637596 /* MeetingViewController.swift */,
				2BA0DFAE2B286A6700C82249 /* Meeting+FSButtonStackDelegate.swift */,
				2B66F5ED2B0F397F00C5C06A /* MeetingViewControllerMultiuserMode.swift */,
			);
			path = ViewController;
			sourceTree = "<group>";
		};
		2BEAE6B62B142CC90007180B /* MessageCell */ = {
			isa = PBXGroup;
			children = (
				2B86D4382B1DA76900FCBA97 /* FSMessageCellViewModel.swift */,
				2B1F84882B1229BA00136190 /* FSMessageCell.swift */,
				2B86D4322B1D695E00FCBA97 /* FSTextMessageCell.swift */,
				2B86D4302B1D683F00FCBA97 /* FSImageMessageCell.swift */,
			);
			path = MessageCell;
			sourceTree = "<group>";
		};
		2BEAE6BD2B148E290007180B /* MessageView */ = {
			isa = PBXGroup;
			children = (
				2BEAE6C02B1490330007180B /* MessageViewModel.swift */,
				2BEAE6BE2B148E3C0007180B /* MessageView.swift */,
				2BEAE6C22B1498EA0007180B /* MessageHeaderView.swift */,
				2B493C7F2B130FDA00C64382 /* MessageInputView.swift */,
			);
			path = MessageView;
			sourceTree = "<group>";
		};
		9227D149F915E58D7BB970E4 /* Frameworks */ = {
			isa = PBXGroup;
			children = (
				52A02122AD8BC3743044861B /* Pods_FoxSwift.framework */,
				8A57E96D0D7C870200E2A9F3 /* Pods_FoxSwift_FoxSwiftUITests.framework */,
				D61F643D2C7C19BA3EE11A86 /* Pods_FoxSwiftTests.framework */,
			);
			name = Frameworks;
			sourceTree = "<group>";
		};
		E28C46BF9D8CDE364E0A0B5C /* Pods */ = {
			isa = PBXGroup;
			children = (
				698C76CEA958F27B657066EC /* Pods-FoxSwift.debug.xcconfig */,
				7F3453DBE42C7CC25625F541 /* Pods-FoxSwift.release.xcconfig */,
				B6A7B5B6479A3C264EFD34AE /* Pods-FoxSwift-FoxSwiftUITests.debug.xcconfig */,
				CC8C9CD484F66BE6A3F70C38 /* Pods-FoxSwift-FoxSwiftUITests.release.xcconfig */,
				7794B6A933E85AC6011BA770 /* Pods-FoxSwiftTests.debug.xcconfig */,
				282CC23D05414AE0E3EA633E /* Pods-FoxSwiftTests.release.xcconfig */,
			);
			path = Pods;
			sourceTree = "<group>";
		};
/* End PBXGroup section */

/* Begin PBXNativeTarget section */
		2BCB8DA72B011F1400DD4C2F /* FoxSwift */ = {
			isa = PBXNativeTarget;
			buildConfigurationList = 2BCB8DD22B011F1600DD4C2F /* Build configuration list for PBXNativeTarget "FoxSwift" */;
			buildPhases = (
				95E614995322D21B818F829E /* [CP] Check Pods Manifest.lock */,
				2BCB8DA42B011F1400DD4C2F /* Sources */,
				2BCB8DA52B011F1400DD4C2F /* Frameworks */,
				2BCB8DA62B011F1400DD4C2F /* Resources */,
				7DE2F595F3E0170BBB2F407B /* [CP] Embed Pods Frameworks */,
				2B8F9D222B04AB11002D9076 /* Run Script */,
				2BBF79D72B27F58C0003602E /* Run Script */,
			);
			buildRules = (
			);
			dependencies = (
			);
			name = FoxSwift;
			productName = FoxSwift;
			productReference = 2BCB8DA82B011F1400DD4C2F /* FoxSwift.app */;
			productType = "com.apple.product-type.application";
		};
		2BCB8DBD2B011F1600DD4C2F /* FoxSwiftTests */ = {
			isa = PBXNativeTarget;
			buildConfigurationList = 2BCB8DD52B011F1600DD4C2F /* Build configuration list for PBXNativeTarget "FoxSwiftTests" */;
			buildPhases = (
				2B392AB28FAF4A93F15E3183 /* [CP] Check Pods Manifest.lock */,
				2BCB8DBA2B011F1600DD4C2F /* Sources */,
				2BCB8DBB2B011F1600DD4C2F /* Frameworks */,
				2BCB8DBC2B011F1600DD4C2F /* Resources */,
			);
			buildRules = (
			);
			dependencies = (
				2BCB8DC02B011F1600DD4C2F /* PBXTargetDependency */,
			);
			name = FoxSwiftTests;
			productName = FoxSwiftTests;
			productReference = 2BCB8DBE2B011F1600DD4C2F /* FoxSwiftTests.xctest */;
			productType = "com.apple.product-type.bundle.unit-test";
		};
		2BCB8DC72B011F1600DD4C2F /* FoxSwiftUITests */ = {
			isa = PBXNativeTarget;
			buildConfigurationList = 2BCB8DD82B011F1600DD4C2F /* Build configuration list for PBXNativeTarget "FoxSwiftUITests" */;
			buildPhases = (
				FED6DBC1474AA5CF5742CDEF /* [CP] Check Pods Manifest.lock */,
				2BCB8DC42B011F1600DD4C2F /* Sources */,
				2BCB8DC52B011F1600DD4C2F /* Frameworks */,
				2BCB8DC62B011F1600DD4C2F /* Resources */,
				B97EA1450202DCC242B03F92 /* [CP] Embed Pods Frameworks */,
			);
			buildRules = (
			);
			dependencies = (
				2BCB8DCA2B011F1600DD4C2F /* PBXTargetDependency */,
			);
			name = FoxSwiftUITests;
			productName = FoxSwiftUITests;
			productReference = 2BCB8DC82B011F1600DD4C2F /* FoxSwiftUITests.xctest */;
			productType = "com.apple.product-type.bundle.ui-testing";
		};
/* End PBXNativeTarget section */

/* Begin PBXProject section */
		2BCB8DA02B011F1400DD4C2F /* Project object */ = {
			isa = PBXProject;
			attributes = {
				BuildIndependentTargetsInParallel = 1;
				LastSwiftUpdateCheck = 1500;
				LastUpgradeCheck = 1500;
				TargetAttributes = {
					2BCB8DA72B011F1400DD4C2F = {
						CreatedOnToolsVersion = 15.0.1;
					};
					2BCB8DBD2B011F1600DD4C2F = {
						CreatedOnToolsVersion = 15.0.1;
						TestTargetID = 2BCB8DA72B011F1400DD4C2F;
					};
					2BCB8DC72B011F1600DD4C2F = {
						CreatedOnToolsVersion = 15.0.1;
						TestTargetID = 2BCB8DA72B011F1400DD4C2F;
					};
				};
			};
			buildConfigurationList = 2BCB8DA32B011F1400DD4C2F /* Build configuration list for PBXProject "FoxSwift" */;
			compatibilityVersion = "Xcode 14.0";
			developmentRegion = en;
			hasScannedForEncodings = 0;
			knownRegions = (
				en,
				Base,
			);
			mainGroup = 2BCB8D9F2B011F1400DD4C2F;
			productRefGroup = 2BCB8DA92B011F1400DD4C2F /* Products */;
			projectDirPath = "";
			projectRoot = "";
			targets = (
				2BCB8DA72B011F1400DD4C2F /* FoxSwift */,
				2BCB8DBD2B011F1600DD4C2F /* FoxSwiftTests */,
				2BCB8DC72B011F1600DD4C2F /* FoxSwiftUITests */,
			);
		};
/* End PBXProject section */

/* Begin PBXResourcesBuildPhase section */
		2BCB8DA62B011F1400DD4C2F /* Resources */ = {
			isa = PBXResourcesBuildPhase;
			buildActionMask = 2147483647;
			files = (
				2BCB8DB82B011F1500DD4C2F /* LaunchScreen.storyboard in Resources */,
				2BBF79D62B27F18F0003602E /* GoogleService-Info.plist in Resources */,
				2BCB8DF52B012F0400DD4C2F /* Features.md in Resources */,
				2BCB8DB52B011F1500DD4C2F /* Assets.xcassets in Resources */,
			);
			runOnlyForDeploymentPostprocessing = 0;
		};
		2BCB8DBC2B011F1600DD4C2F /* Resources */ = {
			isa = PBXResourcesBuildPhase;
			buildActionMask = 2147483647;
			files = (
			);
			runOnlyForDeploymentPostprocessing = 0;
		};
		2BCB8DC62B011F1600DD4C2F /* Resources */ = {
			isa = PBXResourcesBuildPhase;
			buildActionMask = 2147483647;
			files = (
			);
			runOnlyForDeploymentPostprocessing = 0;
		};
/* End PBXResourcesBuildPhase section */

/* Begin PBXShellScriptBuildPhase section */
		2B392AB28FAF4A93F15E3183 /* [CP] Check Pods Manifest.lock */ = {
			isa = PBXShellScriptBuildPhase;
			buildActionMask = 2147483647;
			files = (
			);
			inputFileListPaths = (
			);
			inputPaths = (
				"${PODS_PODFILE_DIR_PATH}/Podfile.lock",
				"${PODS_ROOT}/Manifest.lock",
			);
			name = "[CP] Check Pods Manifest.lock";
			outputFileListPaths = (
			);
			outputPaths = (
				"$(DERIVED_FILE_DIR)/Pods-FoxSwiftTests-checkManifestLockResult.txt",
			);
			runOnlyForDeploymentPostprocessing = 0;
			shellPath = /bin/sh;
			shellScript = "diff \"${PODS_PODFILE_DIR_PATH}/Podfile.lock\" \"${PODS_ROOT}/Manifest.lock\" > /dev/null\nif [ $? != 0 ] ; then\n    # print error to STDERR\n    echo \"error: The sandbox is not in sync with the Podfile.lock. Run 'pod install' or update your CocoaPods installation.\" >&2\n    exit 1\nfi\n# This output is used by Xcode 'outputs' to avoid re-running this script phase.\necho \"SUCCESS\" > \"${SCRIPT_OUTPUT_FILE_0}\"\n";
			showEnvVarsInLog = 0;
		};
		2B8F9D222B04AB11002D9076 /* Run Script */ = {
			isa = PBXShellScriptBuildPhase;
			alwaysOutOfDate = 1;
			buildActionMask = 8;
			files = (
			);
			inputFileListPaths = (
			);
			inputPaths = (
			);
			name = "Run Script";
			outputFileListPaths = (
			);
			outputPaths = (
			);
			runOnlyForDeploymentPostprocessing = 1;
			shellPath = /bin/sh;
			shellScript = "# Type a script or drag a script file from your workspace to insert its path.\n\"${PODS_ROOT}/SwiftLint/swiftlint\"\n";
		};
		2BBF79D72B27F58C0003602E /* Run Script */ = {
			isa = PBXShellScriptBuildPhase;
			buildActionMask = 8;
			files = (
			);
			inputFileListPaths = (
			);
			inputPaths = (
				"${DWARF_DSYM_FOLDER_PATH}/${DWARF_DSYM_FILE_NAME}",
				"${DWARF_DSYM_FOLDER_PATH}/${DWARF_DSYM_FILE_NAME}/Contents/Resources/DWARF/${PRODUCT_NAME}",
				"${DWARF_DSYM_FOLDER_PATH}/${DWARF_DSYM_FILE_NAME}/Contents/Info.plist",
				"$(TARGET_BUILD_DIR)/$(UNLOCALIZED_RESOURCES_FOLDER_PATH)/GoogleService-Info.plist",
				"$(TARGET_BUILD_DIR)/$(EXECUTABLE_PATH)",
			);
			name = "Run Script";
			outputFileListPaths = (
			);
			outputPaths = (
			);
			runOnlyForDeploymentPostprocessing = 1;
			shellPath = /bin/sh;
			shellScript = "# Type a script or drag a script file from your workspace to insert its path.\n\n";
		};
		7DE2F595F3E0170BBB2F407B /* [CP] Embed Pods Frameworks */ = {
			isa = PBXShellScriptBuildPhase;
			buildActionMask = 2147483647;
			files = (
			);
			inputFileListPaths = (
				"${PODS_ROOT}/Target Support Files/Pods-FoxSwift/Pods-FoxSwift-frameworks-${CONFIGURATION}-input-files.xcfilelist",
			);
			name = "[CP] Embed Pods Frameworks";
			outputFileListPaths = (
				"${PODS_ROOT}/Target Support Files/Pods-FoxSwift/Pods-FoxSwift-frameworks-${CONFIGURATION}-output-files.xcfilelist",
			);
			runOnlyForDeploymentPostprocessing = 0;
			shellPath = /bin/sh;
			shellScript = "\"${PODS_ROOT}/Target Support Files/Pods-FoxSwift/Pods-FoxSwift-frameworks.sh\"\n";
			showEnvVarsInLog = 0;
		};
		95E614995322D21B818F829E /* [CP] Check Pods Manifest.lock */ = {
			isa = PBXShellScriptBuildPhase;
			buildActionMask = 12;
			files = (
			);
			inputFileListPaths = (
			);
			inputPaths = (
				"${PODS_PODFILE_DIR_PATH}/Podfile.lock",
				"${PODS_ROOT}/Manifest.lock",
			);
			name = "[CP] Check Pods Manifest.lock";
			outputFileListPaths = (
			);
			outputPaths = (
				"$(DERIVED_FILE_DIR)/Pods-FoxSwift-checkManifestLockResult.txt",
			);
			runOnlyForDeploymentPostprocessing = 0;
			shellPath = /bin/sh;
			shellScript = "diff \"${PODS_PODFILE_DIR_PATH}/Podfile.lock\" \"${PODS_ROOT}/Manifest.lock\" > /dev/null\nif [ $? != 0 ] ; then\n    # print error to STDERR\n    echo \"error: The sandbox is not in sync with the Podfile.lock. Run 'pod install' or update your CocoaPods installation.\" >&2\n    exit 1\nfi\n# This output is used by Xcode 'outputs' to avoid re-running this script phase.\necho \"SUCCESS\" > \"${SCRIPT_OUTPUT_FILE_0}\"\n";
			showEnvVarsInLog = 0;
		};
		B97EA1450202DCC242B03F92 /* [CP] Embed Pods Frameworks */ = {
			isa = PBXShellScriptBuildPhase;
			buildActionMask = 2147483647;
			files = (
			);
			inputFileListPaths = (
				"${PODS_ROOT}/Target Support Files/Pods-FoxSwift-FoxSwiftUITests/Pods-FoxSwift-FoxSwiftUITests-frameworks-${CONFIGURATION}-input-files.xcfilelist",
			);
			name = "[CP] Embed Pods Frameworks";
			outputFileListPaths = (
				"${PODS_ROOT}/Target Support Files/Pods-FoxSwift-FoxSwiftUITests/Pods-FoxSwift-FoxSwiftUITests-frameworks-${CONFIGURATION}-output-files.xcfilelist",
			);
			runOnlyForDeploymentPostprocessing = 0;
			shellPath = /bin/sh;
			shellScript = "\"${PODS_ROOT}/Target Support Files/Pods-FoxSwift-FoxSwiftUITests/Pods-FoxSwift-FoxSwiftUITests-frameworks.sh\"\n";
			showEnvVarsInLog = 0;
		};
		FED6DBC1474AA5CF5742CDEF /* [CP] Check Pods Manifest.lock */ = {
			isa = PBXShellScriptBuildPhase;
			buildActionMask = 2147483647;
			files = (
			);
			inputFileListPaths = (
			);
			inputPaths = (
				"${PODS_PODFILE_DIR_PATH}/Podfile.lock",
				"${PODS_ROOT}/Manifest.lock",
			);
			name = "[CP] Check Pods Manifest.lock";
			outputFileListPaths = (
			);
			outputPaths = (
				"$(DERIVED_FILE_DIR)/Pods-FoxSwift-FoxSwiftUITests-checkManifestLockResult.txt",
			);
			runOnlyForDeploymentPostprocessing = 0;
			shellPath = /bin/sh;
			shellScript = "diff \"${PODS_PODFILE_DIR_PATH}/Podfile.lock\" \"${PODS_ROOT}/Manifest.lock\" > /dev/null\nif [ $? != 0 ] ; then\n    # print error to STDERR\n    echo \"error: The sandbox is not in sync with the Podfile.lock. Run 'pod install' or update your CocoaPods installation.\" >&2\n    exit 1\nfi\n# This output is used by Xcode 'outputs' to avoid re-running this script phase.\necho \"SUCCESS\" > \"${SCRIPT_OUTPUT_FILE_0}\"\n";
			showEnvVarsInLog = 0;
		};
/* End PBXShellScriptBuildPhase section */

/* Begin PBXSourcesBuildPhase section */
		2BCB8DA42B011F1400DD4C2F /* Sources */ = {
			isa = PBXSourcesBuildPhase;
			buildActionMask = 2147483647;
			files = (
				2B66F5F02B0F45AA00C5C06A /* CollectionBox.swift in Sources */,
				2BA0EB852B0B51A8003B8EFE /* RTCProvider.swift in Sources */,
				2BEAE6BF2B148E3C0007180B /* MessageView.swift in Sources */,
				2BA4D16C2B07519200637596 /* MeetingViewController.swift in Sources */,
				2BC45BFC2B26130C0005EF7D /* FSTextField.swift in Sources */,
				2B25DEAD2B04F19000D3E87A /* MeetingRoomProvider.swift in Sources */,
				2BA0EB692B085F01003B8EFE /* MeetingCell.swift in Sources */,
				2B228F8B2B04C90C00539E8A /* Participant.swift in Sources */,
				2B8F9D1F2B0486B4002D9076 /* FSNavigationController.swift in Sources */,
				2B6FF8B92B05ADB800E9C933 /* FirebaseFirestoreWrapper.swift in Sources */,
				2BA0DFAF2B286A6700C82249 /* Meeting+FSButtonStackDelegate.swift in Sources */,
				2B9C8B232B0C45CC00F57C90 /* FSWebRTC.swift in Sources */,
				2B8F9D212B048C10002D9076 /* FSViewController.swift in Sources */,
				2BEAE6B12B1335DD0007180B /* StorageMannager.swift in Sources */,
				2BBF79C32B26C21C0003602E /* SelectionView.swift in Sources */,
				2B5AC1652B05BB52007B717C /* Result+Extension.swift in Sources */,
				2BEAE6C32B1498EA0007180B /* MessageHeaderView.swift in Sources */,
				2BBF79CD2B270D630003602E /* MeetingPrepareViewController.swift in Sources */,
				2B7F8E062B26326C005C3085 /* Rule.swift in Sources */,
				2B0A27CE2B204386009F4E78 /* ProfileViewModel.swift in Sources */,
				2B1F84892B1229BA00136190 /* FSMessageCell.swift in Sources */,
				2B86D4332B1D695E00FCBA97 /* FSTextMessageCell.swift in Sources */,
				2BCB8DEF2B012A0900DD4C2F /* UICollectionView+Extension.swift in Sources */,
				2BBF79C22B26C21C0003602E /* SelectionViewDataSource.swift in Sources */,
				2BCB8DF02B012A0900DD4C2F /* CGFloat+Extension.swift in Sources */,
				2B24FFA92B0374A30000C5A3 /* FSTabBarController.swift in Sources */,
				2BBF79D42B276C710003602E /* JoinMeetViewController.swift in Sources */,
				2BD8B0F22B10770E001646C5 /* RoundButton.swift in Sources */,
				2BA0EB5B2B079ADB003B8EFE /* UITextField+Extension.swift in Sources */,
				2BEAE6BA2B142E010007180B /* User.swift in Sources */,
				2BBF79C72B26EEAA0003602E /* KeyChainWrapper.swift in Sources */,
				2B1F84832B11CEF500136190 /* MessageProvider.swift in Sources */,
				2BCB8DEE2B012A0900DD4C2F /* UIScreen+Extension.swift in Sources */,
				2B6E2FA32B22E827009C08D1 /* FSMessageViewController.swift in Sources */,
				2BBF79D12B270F370003602E /* CornerStyle.swift in Sources */,
				2B66F5EC2B0F351400C5C06A /* VideoView.swift in Sources */,
				2BA0EB5F2B084D40003B8EFE /* MeetingRoom.swift in Sources */,
				2B6E2FA02B22E100009C08D1 /* RecordsViewController.swift in Sources */,
				2BC45BFA2B2612780005EF7D /* LoginViewController.swift in Sources */,
				2BCB8DED2B012A0900DD4C2F /* String+Extension.swift in Sources */,
				2BA0EB672B0857E3003B8EFE /* MeetingCellViewModel.swift in Sources */,
				2BEAE6BC2B143B830007180B /* Error+Extenision.swift in Sources */,
				2B6E2FA52B22F768009C08D1 /* RecordDetailViewController.swift in Sources */,
				2BA4D1662B073CAE00637596 /* IceCandidate.swift in Sources */,
				2B04E4472B1F036C0050D4D1 /* ScreenSharedMannager.swift in Sources */,
				2B61FC942B299C2900AABFB3 /* LoginFlowManager.swift in Sources */,
				2BC45BFE2B26145F0005EF7D /* LoginViewModel.swift in Sources */,
				2B86D4392B1DA76900FCBA97 /* FSMessageCellViewModel.swift in Sources */,
				2B61FC962B29AD7900AABFB3 /* FSLoadingView.swift in Sources */,
				2BA0EB832B0A8A4D003B8EFE /* RTCMessage.swift in Sources */,
				2BA4D15F2B072DCB00637596 /* ParticipantDetailProvider.swift in Sources */,
				2B6E2FAC2B23F45A009C08D1 /* RecordsViewModel.swift in Sources */,
				2BEAE6C52B15D54C0007180B /* SpeechRecognitionManager.swift in Sources */,
				2B6E2FA82B22F873009C08D1 /* FSMeetingTableViewController.swift in Sources */,
				2BA0EB792B08DA75003B8EFE /* SnapKit+UIView.swift in Sources */,
				2B7F8E082B268FE8005C3085 /* FSButton.swift in Sources */,
				2B0A27D92B219E8F009F4E78 /* UrlRouteManager.swift in Sources */,
				2BA4D1652B073CAE00637596 /* SessionDescription.swift in Sources */,
				2BCB8DAC2B011F1400DD4C2F /* AppDelegate.swift in Sources */,
				2BA0DFA72B28015000C82249 /* JoinMeetViewModel.swift in Sources */,
				2B9C8B252B0C49D000F57C90 /* PeerConnectionDelegate.swift in Sources */,
				2B61FC982B29F7D200AABFB3 /* FSPopup.swift in Sources */,
				2BEAE6B82B142DEE0007180B /* UserProvider.swift in Sources */,
				2B493C802B130FDA00C64382 /* MessageInputView.swift in Sources */,
				2B66F5EE2B0F397F00C5C06A /* MeetingViewControllerMultiuserMode.swift in Sources */,
				2B228F882B04C59100539E8A /* Box.swift in Sources */,
				2BCB8DE82B012A0900DD4C2F /* UIFont+Extension.swift in Sources */,
				2BCB8DAE2B011F1400DD4C2F /* SceneDelegate.swift in Sources */,
				2BA4D16A2B074EF300637596 /* FSWebRTCConfig.swift in Sources */,
				2BBF79CF2B270D720003602E /* MeetingPrepareViewModel.swift in Sources */,
				2BA0EB7B2B09DD87003B8EFE /* RTCStates.swift in Sources */,
				2B5AC1692B0613AF007B717C /* MeetsViewController.swift in Sources */,
				2BCB8DE92B012A0900DD4C2F /* UIColor+Extension.swift in Sources */,
				2B86D4312B1D683F00FCBA97 /* FSImageMessageCell.swift in Sources */,
				2BCB8DF22B012A0900DD4C2F /* Array+Extension.swift in Sources */,
				2BBF79C42B26C21C0003602E /* SelectionVIewDelegate.swift in Sources */,
				2BCB8DEB2B012A0900DD4C2F /* UIButton+Extension.swift in Sources */,
				2BC45BF72B25B74D0005EF7D /* RecordDetailViewModel.swift in Sources */,
				2BA0EB6F2B086F7F003B8EFE /* UILabel+Box.swift in Sources */,
				2B9C8B292B0C9EAC00F57C90 /* RTCProviderDelegate.swift in Sources */,
				2BA0EB5D2B084B0A003B8EFE /* MeetingViewModel.swift in Sources */,
				2BA4D16F2B077EA400637596 /* MeetsViewModel.swift in Sources */,
				2B24FFAB2B03753F0000C5A3 /* Localizable.swift in Sources */,
				2BEAE6AF2B1324440007180B /* UITextView+Extension.swift in Sources */,
				2B1F84812B11C66700136190 /* Message.swift in Sources */,
				2BEAE6C12B1490330007180B /* MessageViewModel.swift in Sources */,
				2B0A27D02B204391009F4E78 /* ProfileViewController.swift in Sources */,
				2B9C8B1D2B0C439400F57C90 /* PeerConnectionProvider.swift in Sources */,
				2BA0DFAD2B285F2500C82249 /* FSButtonStack.swift in Sources */,
				2BCB8DF12B012A0900DD4C2F /* UITableView+Extension.swift in Sources */,
			);
			runOnlyForDeploymentPostprocessing = 0;
		};
		2BCB8DBA2B011F1600DD4C2F /* Sources */ = {
			isa = PBXSourcesBuildPhase;
			buildActionMask = 2147483647;
			files = (
				2BCB8DC32B011F1600DD4C2F /* FoxSwiftTests.swift in Sources */,
			);
			runOnlyForDeploymentPostprocessing = 0;
		};
		2BCB8DC42B011F1600DD4C2F /* Sources */ = {
			isa = PBXSourcesBuildPhase;
			buildActionMask = 2147483647;
			files = (
				2BCB8DCF2B011F1600DD4C2F /* FoxSwiftUITestsLaunchTests.swift in Sources */,
				2BCB8DCD2B011F1600DD4C2F /* FoxSwiftUITests.swift in Sources */,
			);
			runOnlyForDeploymentPostprocessing = 0;
		};
/* End PBXSourcesBuildPhase section */

/* Begin PBXTargetDependency section */
		2BCB8DC02B011F1600DD4C2F /* PBXTargetDependency */ = {
			isa = PBXTargetDependency;
			target = 2BCB8DA72B011F1400DD4C2F /* FoxSwift */;
			targetProxy = 2BCB8DBF2B011F1600DD4C2F /* PBXContainerItemProxy */;
		};
		2BCB8DCA2B011F1600DD4C2F /* PBXTargetDependency */ = {
			isa = PBXTargetDependency;
			target = 2BCB8DA72B011F1400DD4C2F /* FoxSwift */;
			targetProxy = 2BCB8DC92B011F1600DD4C2F /* PBXContainerItemProxy */;
		};
/* End PBXTargetDependency section */

/* Begin PBXVariantGroup section */
		2BCB8DB62B011F1500DD4C2F /* LaunchScreen.storyboard */ = {
			isa = PBXVariantGroup;
			children = (
				2BCB8DB72B011F1500DD4C2F /* Base */,
			);
			name = LaunchScreen.storyboard;
			sourceTree = "<group>";
		};
/* End PBXVariantGroup section */

/* Begin XCBuildConfiguration section */
		2BCB8DD02B011F1600DD4C2F /* Debug */ = {
			isa = XCBuildConfiguration;
			buildSettings = {
				ALWAYS_SEARCH_USER_PATHS = NO;
				ASSETCATALOG_COMPILER_GENERATE_SWIFT_ASSET_SYMBOL_EXTENSIONS = YES;
				CLANG_ANALYZER_NONNULL = YES;
				CLANG_ANALYZER_NUMBER_OBJECT_CONVERSION = YES_AGGRESSIVE;
				CLANG_CXX_LANGUAGE_STANDARD = "gnu++20";
				CLANG_ENABLE_MODULES = YES;
				CLANG_ENABLE_OBJC_ARC = YES;
				CLANG_ENABLE_OBJC_WEAK = YES;
				CLANG_WARN_BLOCK_CAPTURE_AUTORELEASING = YES;
				CLANG_WARN_BOOL_CONVERSION = YES;
				CLANG_WARN_COMMA = YES;
				CLANG_WARN_CONSTANT_CONVERSION = YES;
				CLANG_WARN_DEPRECATED_OBJC_IMPLEMENTATIONS = YES;
				CLANG_WARN_DIRECT_OBJC_ISA_USAGE = YES_ERROR;
				CLANG_WARN_DOCUMENTATION_COMMENTS = YES;
				CLANG_WARN_EMPTY_BODY = YES;
				CLANG_WARN_ENUM_CONVERSION = YES;
				CLANG_WARN_INFINITE_RECURSION = YES;
				CLANG_WARN_INT_CONVERSION = YES;
				CLANG_WARN_NON_LITERAL_NULL_CONVERSION = YES;
				CLANG_WARN_OBJC_IMPLICIT_RETAIN_SELF = YES;
				CLANG_WARN_OBJC_LITERAL_CONVERSION = YES;
				CLANG_WARN_OBJC_ROOT_CLASS = YES_ERROR;
				CLANG_WARN_QUOTED_INCLUDE_IN_FRAMEWORK_HEADER = YES;
				CLANG_WARN_RANGE_LOOP_ANALYSIS = YES;
				CLANG_WARN_STRICT_PROTOTYPES = YES;
				CLANG_WARN_SUSPICIOUS_MOVE = YES;
				CLANG_WARN_UNGUARDED_AVAILABILITY = YES_AGGRESSIVE;
				CLANG_WARN_UNREACHABLE_CODE = YES;
				CLANG_WARN__DUPLICATE_METHOD_MATCH = YES;
				COPY_PHASE_STRIP = NO;
				DEBUG_INFORMATION_FORMAT = dwarf;
				ENABLE_STRICT_OBJC_MSGSEND = YES;
				ENABLE_TESTABILITY = YES;
				ENABLE_USER_SCRIPT_SANDBOXING = YES;
				GCC_C_LANGUAGE_STANDARD = gnu17;
				GCC_DYNAMIC_NO_PIC = NO;
				GCC_NO_COMMON_BLOCKS = YES;
				GCC_OPTIMIZATION_LEVEL = 0;
				GCC_PREPROCESSOR_DEFINITIONS = (
					"DEBUG=1",
					"$(inherited)",
				);
				GCC_WARN_64_TO_32_BIT_CONVERSION = YES;
				GCC_WARN_ABOUT_RETURN_TYPE = YES_ERROR;
				GCC_WARN_UNDECLARED_SELECTOR = YES;
				GCC_WARN_UNINITIALIZED_AUTOS = YES_AGGRESSIVE;
				GCC_WARN_UNUSED_FUNCTION = YES;
				GCC_WARN_UNUSED_VARIABLE = YES;
				IPHONEOS_DEPLOYMENT_TARGET = 17.0;
				LOCALIZATION_PREFERS_STRING_CATALOGS = YES;
				MTL_ENABLE_DEBUG_INFO = INCLUDE_SOURCE;
				MTL_FAST_MATH = YES;
				ONLY_ACTIVE_ARCH = YES;
				SDKROOT = iphoneos;
				SWIFT_ACTIVE_COMPILATION_CONDITIONS = "DEBUG $(inherited)";
				SWIFT_OPTIMIZATION_LEVEL = "-Onone";
			};
			name = Debug;
		};
		2BCB8DD12B011F1600DD4C2F /* Release */ = {
			isa = XCBuildConfiguration;
			buildSettings = {
				ALWAYS_SEARCH_USER_PATHS = NO;
				ASSETCATALOG_COMPILER_GENERATE_SWIFT_ASSET_SYMBOL_EXTENSIONS = YES;
				CLANG_ANALYZER_NONNULL = YES;
				CLANG_ANALYZER_NUMBER_OBJECT_CONVERSION = YES_AGGRESSIVE;
				CLANG_CXX_LANGUAGE_STANDARD = "gnu++20";
				CLANG_ENABLE_MODULES = YES;
				CLANG_ENABLE_OBJC_ARC = YES;
				CLANG_ENABLE_OBJC_WEAK = YES;
				CLANG_WARN_BLOCK_CAPTURE_AUTORELEASING = YES;
				CLANG_WARN_BOOL_CONVERSION = YES;
				CLANG_WARN_COMMA = YES;
				CLANG_WARN_CONSTANT_CONVERSION = YES;
				CLANG_WARN_DEPRECATED_OBJC_IMPLEMENTATIONS = YES;
				CLANG_WARN_DIRECT_OBJC_ISA_USAGE = YES_ERROR;
				CLANG_WARN_DOCUMENTATION_COMMENTS = YES;
				CLANG_WARN_EMPTY_BODY = YES;
				CLANG_WARN_ENUM_CONVERSION = YES;
				CLANG_WARN_INFINITE_RECURSION = YES;
				CLANG_WARN_INT_CONVERSION = YES;
				CLANG_WARN_NON_LITERAL_NULL_CONVERSION = YES;
				CLANG_WARN_OBJC_IMPLICIT_RETAIN_SELF = YES;
				CLANG_WARN_OBJC_LITERAL_CONVERSION = YES;
				CLANG_WARN_OBJC_ROOT_CLASS = YES_ERROR;
				CLANG_WARN_QUOTED_INCLUDE_IN_FRAMEWORK_HEADER = YES;
				CLANG_WARN_RANGE_LOOP_ANALYSIS = YES;
				CLANG_WARN_STRICT_PROTOTYPES = YES;
				CLANG_WARN_SUSPICIOUS_MOVE = YES;
				CLANG_WARN_UNGUARDED_AVAILABILITY = YES_AGGRESSIVE;
				CLANG_WARN_UNREACHABLE_CODE = YES;
				CLANG_WARN__DUPLICATE_METHOD_MATCH = YES;
				COPY_PHASE_STRIP = NO;
				DEBUG_INFORMATION_FORMAT = "dwarf-with-dsym";
				ENABLE_NS_ASSERTIONS = NO;
				ENABLE_STRICT_OBJC_MSGSEND = YES;
				ENABLE_USER_SCRIPT_SANDBOXING = YES;
				GCC_C_LANGUAGE_STANDARD = gnu17;
				GCC_NO_COMMON_BLOCKS = YES;
				GCC_WARN_64_TO_32_BIT_CONVERSION = YES;
				GCC_WARN_ABOUT_RETURN_TYPE = YES_ERROR;
				GCC_WARN_UNDECLARED_SELECTOR = YES;
				GCC_WARN_UNINITIALIZED_AUTOS = YES_AGGRESSIVE;
				GCC_WARN_UNUSED_FUNCTION = YES;
				GCC_WARN_UNUSED_VARIABLE = YES;
				IPHONEOS_DEPLOYMENT_TARGET = 17.0;
				LOCALIZATION_PREFERS_STRING_CATALOGS = YES;
				MTL_ENABLE_DEBUG_INFO = NO;
				MTL_FAST_MATH = YES;
				SDKROOT = iphoneos;
				SWIFT_COMPILATION_MODE = wholemodule;
				VALIDATE_PRODUCT = YES;
			};
			name = Release;
		};
		2BCB8DD32B011F1600DD4C2F /* Debug */ = {
			isa = XCBuildConfiguration;
			baseConfigurationReference = 698C76CEA958F27B657066EC /* Pods-FoxSwift.debug.xcconfig */;
			buildSettings = {
				ASSETCATALOG_COMPILER_APPICON_NAME = AppIcon;
				ASSETCATALOG_COMPILER_GLOBAL_ACCENT_COLOR_NAME = AccentColor;
				CODE_SIGN_IDENTITY = "Apple Development";
				CODE_SIGN_STYLE = Automatic;
				CURRENT_PROJECT_VERSION = 1;
				DEBUG_INFORMATION_FORMAT = "dwarf-with-dsym";
				DEVELOPMENT_TEAM = CCZFJ54UN4;
				ENABLE_USER_SCRIPT_SANDBOXING = NO;
				GENERATE_INFOPLIST_FILE = YES;
				INFOPLIST_FILE = FoxSwift/Info.plist;
				INFOPLIST_KEY_NSCameraUsageDescription = "Meeting Record";
				INFOPLIST_KEY_NSMicrophoneUsageDescription = "Meeting Record";
				INFOPLIST_KEY_NSSpeechRecognitionUsageDescription = "";
				INFOPLIST_KEY_UIApplicationSupportsIndirectInputEvents = YES;
				INFOPLIST_KEY_UILaunchStoryboardName = LaunchScreen.storyboard;
				INFOPLIST_KEY_UIRequiresFullScreen = YES;
				INFOPLIST_KEY_UIStatusBarStyle = UIStatusBarStyleDarkContent;
				INFOPLIST_KEY_UISupportedInterfaceOrientations = UIInterfaceOrientationPortrait;
				INFOPLIST_KEY_UISupportedInterfaceOrientations_iPad = "UIInterfaceOrientationLandscapeLeft UIInterfaceOrientationLandscapeRight UIInterfaceOrientationPortrait UIInterfaceOrientationPortraitUpsideDown";
				IPHONEOS_DEPLOYMENT_TARGET = 16.3;
				LD_RUNPATH_SEARCH_PATHS = (
					"$(inherited)",
					"@executable_path/Frameworks",
				);
				MARKETING_VERSION = 1.0;
				OTHER_LDFLAGS = (
					"$(inherited)",
					"-framework",
					"\"Accelerate\"",
					"-framework",
					"\"CFNetwork\"",
					"-framework",
					"\"CoreGraphics\"",
					"-framework",
					"\"FBLPromises\"",
					"-framework",
					"\"FirebaseAppCheckInterop\"",
					"-framework",
					"\"FirebaseAuthInterop\"",
					"-framework",
					"\"FirebaseCore\"",
					"-framework",
					"\"FirebaseCoreExtension\"",
					"-framework",
					"\"FirebaseCoreInternal\"",
					"-framework",
					"\"FirebaseFirestore\"",
					"-framework",
					"\"FirebaseFirestoreSwift\"",
					"-framework",
					"\"FirebaseSharedSwift\"",
					"-framework",
					"\"FirebaseStorage\"",
					"-framework",
					"\"Foundation\"",
					"-framework",
					"\"GTMSessionFetcher\"",
					"-framework",
					"\"GoogleUtilities\"",
					"-framework",
					"\"IQKeyboardManager\"",
					"-framework",
					"\"QuartzCore\"",
					"-framework",
					"\"Security\"",
					"-framework",
					"\"SnapKit\"",
					"-framework",
					"\"SystemConfiguration\"",
					"-framework",
					"\"UIKit\"",
					"-framework",
					"\"WebRTC\"",
					"-framework",
					"\"absl\"",
					"-framework",
					"\"grpc\"",
					"-framework",
					"\"grpcpp\"",
					"-framework",
					"\"leveldb\"",
					"-framework",
					"\"nanopb\"",
					"-framework",
					"\"openssl_grpc\"",
					"-weak_framework",
					"\"Combine\"",
					"-weak_framework",
					"\"SwiftUI\"",
					"-ObjC",
				);
				PRODUCT_BUNDLE_IDENTIFIER = com.chenshenyi.FoxSwift;
				PRODUCT_NAME = "$(TARGET_NAME)";
				PROVISIONING_PROFILE_SPECIFIER = "";
				SUPPORTED_PLATFORMS = "iphoneos iphonesimulator";
				SUPPORTS_MACCATALYST = NO;
				SUPPORTS_MAC_DESIGNED_FOR_IPHONE_IPAD = NO;
				SWIFT_EMIT_LOC_STRINGS = YES;
				SWIFT_VERSION = 5.0;
				TARGETED_DEVICE_FAMILY = "1,2";
			};
			name = Debug;
		};
		2BCB8DD42B011F1600DD4C2F /* Release */ = {
			isa = XCBuildConfiguration;
			baseConfigurationReference = 7F3453DBE42C7CC25625F541 /* Pods-FoxSwift.release.xcconfig */;
			buildSettings = {
				ASSETCATALOG_COMPILER_APPICON_NAME = AppIcon;
				ASSETCATALOG_COMPILER_GLOBAL_ACCENT_COLOR_NAME = AccentColor;
				CODE_SIGN_IDENTITY = "Apple Development";
				CODE_SIGN_STYLE = Automatic;
				CURRENT_PROJECT_VERSION = 1;
				DEVELOPMENT_TEAM = CCZFJ54UN4;
				ENABLE_USER_SCRIPT_SANDBOXING = NO;
				GENERATE_INFOPLIST_FILE = YES;
				INFOPLIST_FILE = FoxSwift/Info.plist;
				INFOPLIST_KEY_NSCameraUsageDescription = "Meeting Record";
				INFOPLIST_KEY_NSMicrophoneUsageDescription = "Meeting Record";
				INFOPLIST_KEY_NSSpeechRecognitionUsageDescription = "";
				INFOPLIST_KEY_UIApplicationSupportsIndirectInputEvents = YES;
				INFOPLIST_KEY_UILaunchStoryboardName = LaunchScreen.storyboard;
				INFOPLIST_KEY_UIRequiresFullScreen = YES;
				INFOPLIST_KEY_UIStatusBarStyle = UIStatusBarStyleDarkContent;
				INFOPLIST_KEY_UISupportedInterfaceOrientations = UIInterfaceOrientationPortrait;
				INFOPLIST_KEY_UISupportedInterfaceOrientations_iPad = "UIInterfaceOrientationLandscapeLeft UIInterfaceOrientationLandscapeRight UIInterfaceOrientationPortrait UIInterfaceOrientationPortraitUpsideDown";
				IPHONEOS_DEPLOYMENT_TARGET = 16.3;
				LD_RUNPATH_SEARCH_PATHS = (
					"$(inherited)",
					"@executable_path/Frameworks",
				);
				MARKETING_VERSION = 1.0;
				OTHER_LDFLAGS = (
					"$(inherited)",
					"-framework",
					"\"Accelerate\"",
					"-framework",
					"\"CFNetwork\"",
					"-framework",
					"\"CoreGraphics\"",
					"-framework",
					"\"FBLPromises\"",
					"-framework",
					"\"FirebaseAppCheckInterop\"",
					"-framework",
					"\"FirebaseAuthInterop\"",
					"-framework",
					"\"FirebaseCore\"",
					"-framework",
					"\"FirebaseCoreExtension\"",
					"-framework",
					"\"FirebaseCoreInternal\"",
					"-framework",
					"\"FirebaseFirestore\"",
					"-framework",
					"\"FirebaseFirestoreSwift\"",
					"-framework",
					"\"FirebaseSharedSwift\"",
					"-framework",
					"\"FirebaseStorage\"",
					"-framework",
					"\"Foundation\"",
					"-framework",
					"\"GTMSessionFetcher\"",
					"-framework",
					"\"GoogleUtilities\"",
					"-framework",
					"\"IQKeyboardManager\"",
					"-framework",
					"\"QuartzCore\"",
					"-framework",
					"\"Security\"",
					"-framework",
					"\"SnapKit\"",
					"-framework",
					"\"SystemConfiguration\"",
					"-framework",
					"\"UIKit\"",
					"-framework",
					"\"WebRTC\"",
					"-framework",
					"\"absl\"",
					"-framework",
					"\"grpc\"",
					"-framework",
					"\"grpcpp\"",
					"-framework",
					"\"leveldb\"",
					"-framework",
					"\"nanopb\"",
					"-framework",
					"\"openssl_grpc\"",
					"-weak_framework",
					"\"Combine\"",
					"-weak_framework",
					"\"SwiftUI\"",
					"-ObjC",
				);
				PRODUCT_BUNDLE_IDENTIFIER = com.chenshenyi.FoxSwift;
				PRODUCT_NAME = "$(TARGET_NAME)";
				PROVISIONING_PROFILE_SPECIFIER = "";
				SUPPORTED_PLATFORMS = "iphoneos iphonesimulator";
				SUPPORTS_MACCATALYST = NO;
				SUPPORTS_MAC_DESIGNED_FOR_IPHONE_IPAD = NO;
				SWIFT_EMIT_LOC_STRINGS = YES;
				SWIFT_VERSION = 5.0;
				TARGETED_DEVICE_FAMILY = "1,2";
			};
			name = Release;
		};
		2BCB8DD62B011F1600DD4C2F /* Debug */ = {
			isa = XCBuildConfiguration;
			baseConfigurationReference = 7794B6A933E85AC6011BA770 /* Pods-FoxSwiftTests.debug.xcconfig */;
			buildSettings = {
				ALWAYS_EMBED_SWIFT_STANDARD_LIBRARIES = YES;
				BUNDLE_LOADER = "$(TEST_HOST)";
				CODE_SIGN_STYLE = Automatic;
				CURRENT_PROJECT_VERSION = 1;
				DEVELOPMENT_TEAM = CCZFJ54UN4;
				GENERATE_INFOPLIST_FILE = YES;
				IPHONEOS_DEPLOYMENT_TARGET = 17.0;
				MARKETING_VERSION = 1.0;
				PRODUCT_BUNDLE_IDENTIFIER = com.chenshenyi.FoxSwiftTests;
				PRODUCT_NAME = "$(TARGET_NAME)";
				SWIFT_EMIT_LOC_STRINGS = NO;
				SWIFT_VERSION = 5.0;
				TARGETED_DEVICE_FAMILY = "1,2";
				TEST_HOST = "$(BUILT_PRODUCTS_DIR)/FoxSwift.app/$(BUNDLE_EXECUTABLE_FOLDER_PATH)/FoxSwift";
			};
			name = Debug;
		};
		2BCB8DD72B011F1600DD4C2F /* Release */ = {
			isa = XCBuildConfiguration;
			baseConfigurationReference = 282CC23D05414AE0E3EA633E /* Pods-FoxSwiftTests.release.xcconfig */;
			buildSettings = {
				ALWAYS_EMBED_SWIFT_STANDARD_LIBRARIES = YES;
				BUNDLE_LOADER = "$(TEST_HOST)";
				CODE_SIGN_STYLE = Automatic;
				CURRENT_PROJECT_VERSION = 1;
				DEVELOPMENT_TEAM = CCZFJ54UN4;
				GENERATE_INFOPLIST_FILE = YES;
				IPHONEOS_DEPLOYMENT_TARGET = 17.0;
				MARKETING_VERSION = 1.0;
				PRODUCT_BUNDLE_IDENTIFIER = com.chenshenyi.FoxSwiftTests;
				PRODUCT_NAME = "$(TARGET_NAME)";
				SWIFT_EMIT_LOC_STRINGS = NO;
				SWIFT_VERSION = 5.0;
				TARGETED_DEVICE_FAMILY = "1,2";
				TEST_HOST = "$(BUILT_PRODUCTS_DIR)/FoxSwift.app/$(BUNDLE_EXECUTABLE_FOLDER_PATH)/FoxSwift";
			};
			name = Release;
		};
		2BCB8DD92B011F1600DD4C2F /* Debug */ = {
			isa = XCBuildConfiguration;
			baseConfigurationReference = B6A7B5B6479A3C264EFD34AE /* Pods-FoxSwift-FoxSwiftUITests.debug.xcconfig */;
			buildSettings = {
				ALWAYS_EMBED_SWIFT_STANDARD_LIBRARIES = YES;
				CODE_SIGN_STYLE = Automatic;
				CURRENT_PROJECT_VERSION = 1;
				DEVELOPMENT_TEAM = CCZFJ54UN4;
				GENERATE_INFOPLIST_FILE = YES;
				MARKETING_VERSION = 1.0;
				PRODUCT_BUNDLE_IDENTIFIER = com.chenshenyi.FoxSwiftUITests;
				PRODUCT_NAME = "$(TARGET_NAME)";
				SWIFT_EMIT_LOC_STRINGS = NO;
				SWIFT_VERSION = 5.0;
				TARGETED_DEVICE_FAMILY = "1,2";
				TEST_TARGET_NAME = FoxSwift;
			};
			name = Debug;
		};
		2BCB8DDA2B011F1600DD4C2F /* Release */ = {
			isa = XCBuildConfiguration;
			baseConfigurationReference = CC8C9CD484F66BE6A3F70C38 /* Pods-FoxSwift-FoxSwiftUITests.release.xcconfig */;
			buildSettings = {
				ALWAYS_EMBED_SWIFT_STANDARD_LIBRARIES = YES;
				CODE_SIGN_STYLE = Automatic;
				CURRENT_PROJECT_VERSION = 1;
				DEVELOPMENT_TEAM = CCZFJ54UN4;
				GENERATE_INFOPLIST_FILE = YES;
				MARKETING_VERSION = 1.0;
				PRODUCT_BUNDLE_IDENTIFIER = com.chenshenyi.FoxSwiftUITests;
				PRODUCT_NAME = "$(TARGET_NAME)";
				SWIFT_EMIT_LOC_STRINGS = NO;
				SWIFT_VERSION = 5.0;
				TARGETED_DEVICE_FAMILY = "1,2";
				TEST_TARGET_NAME = FoxSwift;
			};
			name = Release;
		};
/* End XCBuildConfiguration section */

/* Begin XCConfigurationList section */
		2BCB8DA32B011F1400DD4C2F /* Build configuration list for PBXProject "FoxSwift" */ = {
			isa = XCConfigurationList;
			buildConfigurations = (
				2BCB8DD02B011F1600DD4C2F /* Debug */,
				2BCB8DD12B011F1600DD4C2F /* Release */,
			);
			defaultConfigurationIsVisible = 0;
			defaultConfigurationName = Release;
		};
		2BCB8DD22B011F1600DD4C2F /* Build configuration list for PBXNativeTarget "FoxSwift" */ = {
			isa = XCConfigurationList;
			buildConfigurations = (
				2BCB8DD32B011F1600DD4C2F /* Debug */,
				2BCB8DD42B011F1600DD4C2F /* Release */,
			);
			defaultConfigurationIsVisible = 0;
			defaultConfigurationName = Release;
		};
		2BCB8DD52B011F1600DD4C2F /* Build configuration list for PBXNativeTarget "FoxSwiftTests" */ = {
			isa = XCConfigurationList;
			buildConfigurations = (
				2BCB8DD62B011F1600DD4C2F /* Debug */,
				2BCB8DD72B011F1600DD4C2F /* Release */,
			);
			defaultConfigurationIsVisible = 0;
			defaultConfigurationName = Release;
		};
		2BCB8DD82B011F1600DD4C2F /* Build configuration list for PBXNativeTarget "FoxSwiftUITests" */ = {
			isa = XCConfigurationList;
			buildConfigurations = (
				2BCB8DD92B011F1600DD4C2F /* Debug */,
				2BCB8DDA2B011F1600DD4C2F /* Release */,
			);
			defaultConfigurationIsVisible = 0;
			defaultConfigurationName = Release;
		};
/* End XCConfigurationList section */
	};
	rootObject = 2BCB8DA02B011F1400DD4C2F /* Project object */;
}
